// !$*UTF8*$!
{
	archiveVersion = 1;
	classes = {
	};
	objectVersion = 48;
	objects = {

/* Begin PBXBuildFile section */
		A211D0E2206E305C0085CEBA /* HDZNothingFoundCell.xib in Resources */ = {isa = PBXBuildFile; fileRef = A211D0E1206E305C0085CEBA /* HDZNothingFoundCell.xib */; };
		A211D0E6206E307F0085CEBA /* HDZSearchResultCell.m in Sources */ = {isa = PBXBuildFile; fileRef = A211D0E4206E307F0085CEBA /* HDZSearchResultCell.m */; };
		A211D0E7206E307F0085CEBA /* HDZSearchResultCell.xib in Resources */ = {isa = PBXBuildFile; fileRef = A211D0E5206E307F0085CEBA /* HDZSearchResultCell.xib */; };
		A24E9B59207137360060CF92 /* NSObject+YYModel.m in Sources */ = {isa = PBXBuildFile; fileRef = A24E9B55207137360060CF92 /* NSObject+YYModel.m */; };
		A24E9B5A207137360060CF92 /* YYClassInfo.m in Sources */ = {isa = PBXBuildFile; fileRef = A24E9B57207137360060CF92 /* YYClassInfo.m */; };
		A2647B5420808CAC00B466FE /* HDZAttentionViewController.m in Sources */ = {isa = PBXBuildFile; fileRef = A2647B5320808CAC00B466FE /* HDZAttentionViewController.m */; };
		A2647B5720808D2A00B466FE /* HDZProductViewController.m in Sources */ = {isa = PBXBuildFile; fileRef = A2647B5620808D2A00B466FE /* HDZProductViewController.m */; };
		A2647B5A20808E4600B466FE /* UIView+Frame.m in Sources */ = {isa = PBXBuildFile; fileRef = A2647B5920808E4600B466FE /* UIView+Frame.m */; };
		A2647B5D20808EA800B466FE /* HDZLifeViewController.m in Sources */ = {isa = PBXBuildFile; fileRef = A2647B5B20808EA800B466FE /* HDZLifeViewController.m */; };
		A267C873208C6751000A3C64 /* HDZMallViewController.m in Sources */ = {isa = PBXBuildFile; fileRef = A267C872208C6751000A3C64 /* HDZMallViewController.m */; };
		A267C87C208C880E000A3C64 /* HDZGridItem.m in Sources */ = {isa = PBXBuildFile; fileRef = A267C87B208C880E000A3C64 /* HDZGridItem.m */; };
		A267C87F208C8863000A3C64 /* HDZRecommendItem.m in Sources */ = {isa = PBXBuildFile; fileRef = A267C87E208C8863000A3C64 /* HDZRecommendItem.m */; };
		A267C884208C8958000A3C64 /* GoodsGrid.plist in Resources */ = {isa = PBXBuildFile; fileRef = A267C881208C8957000A3C64 /* GoodsGrid.plist */; };
		A267C885208C8958000A3C64 /* CountDownShop.plist in Resources */ = {isa = PBXBuildFile; fileRef = A267C882208C8957000A3C64 /* CountDownShop.plist */; };
		A267C886208C8958000A3C64 /* HomeHighGoods.plist in Resources */ = {isa = PBXBuildFile; fileRef = A267C883208C8958000A3C64 /* HomeHighGoods.plist */; };
		A267C889208CE9F6000A3C64 /* HDZConsts.m in Sources */ = {isa = PBXBuildFile; fileRef = A267C888208CE9F6000A3C64 /* HDZConsts.m */; };
		A268D9F0206D3AD400C413B6 /* AppDelegate.m in Sources */ = {isa = PBXBuildFile; fileRef = A268D9EF206D3AD400C413B6 /* AppDelegate.m */; };
		A268D9F3206D3AD400C413B6 /* HDZSearchViewController.m in Sources */ = {isa = PBXBuildFile; fileRef = A268D9F2206D3AD400C413B6 /* HDZSearchViewController.m */; };
		A268D9F6206D3AD400C413B6 /* Main.storyboard in Resources */ = {isa = PBXBuildFile; fileRef = A268D9F4206D3AD400C413B6 /* Main.storyboard */; };
		A268D9F8206D3AD400C413B6 /* Assets.xcassets in Resources */ = {isa = PBXBuildFile; fileRef = A268D9F7206D3AD400C413B6 /* Assets.xcassets */; };
		A268D9FB206D3AD400C413B6 /* LaunchScreen.storyboard in Resources */ = {isa = PBXBuildFile; fileRef = A268D9F9206D3AD400C413B6 /* LaunchScreen.storyboard */; };
		A268D9FE206D3AD400C413B6 /* main.m in Sources */ = {isa = PBXBuildFile; fileRef = A268D9FD206D3AD400C413B6 /* main.m */; };
		A268DA08206D3AD400C413B6 /* iTunesSearchTests.m in Sources */ = {isa = PBXBuildFile; fileRef = A268DA07206D3AD400C413B6 /* iTunesSearchTests.m */; };
		A268DA13206D3AD400C413B6 /* iTunesSearchUITests.m in Sources */ = {isa = PBXBuildFile; fileRef = A268DA12206D3AD400C413B6 /* iTunesSearchUITests.m */; };
		A268DA22206D3DE400C413B6 /* HDZSearchResult.m in Sources */ = {isa = PBXBuildFile; fileRef = A268DA21206D3DE400C413B6 /* HDZSearchResult.m */; };
		A2697C2E2081C76E00210F6D /* HDZAttentionCell.m in Sources */ = {isa = PBXBuildFile; fileRef = A2697C2C2081C76E00210F6D /* HDZAttentionCell.m */; };
		A2697C342081E02E00210F6D /* HDZAttentionCell.xib in Resources */ = {isa = PBXBuildFile; fileRef = A2697C2D2081C76E00210F6D /* HDZAttentionCell.xib */; };
		A2698C66208310280059FB22 /* HDZImageCollectionView.m in Sources */ = {isa = PBXBuildFile; fileRef = A2698C65208310280059FB22 /* HDZImageCollectionView.m */; };
		A2698C68208310490059FB22 /* HDZImageCollectionView.xib in Resources */ = {isa = PBXBuildFile; fileRef = A2698C67208310490059FB22 /* HDZImageCollectionView.xib */; };
		A2698C6B2083187C0059FB22 /* HDZImageCollectionLayout.m in Sources */ = {isa = PBXBuildFile; fileRef = A2698C6A2083187C0059FB22 /* HDZImageCollectionLayout.m */; };
		A2698C6F20831DC70059FB22 /* HDZImageCollectionCell.m in Sources */ = {isa = PBXBuildFile; fileRef = A2698C6D20831DC70059FB22 /* HDZImageCollectionCell.m */; };
		A2698C7020831DC70059FB22 /* HDZImageCollectionCell.xib in Resources */ = {isa = PBXBuildFile; fileRef = A2698C6E20831DC70059FB22 /* HDZImageCollectionCell.xib */; };
		A269DBB6207AFB0D004418A4 /* HDZSlideOutAnimationController.m in Sources */ = {isa = PBXBuildFile; fileRef = A269DBB5207AFB0D004418A4 /* HDZSlideOutAnimationController.m */; };
		A269DBF7207B273F004418A4 /* HDZSearch.m in Sources */ = {isa = PBXBuildFile; fileRef = A269DBF6207B273F004418A4 /* HDZSearch.m */; };
		A26CF76B20765E130043395C /* HDZGradientView.m in Sources */ = {isa = PBXBuildFile; fileRef = A26CF76A20765E130043395C /* HDZGradientView.m */; };
		A26DF1CF2085918F00EEFFA5 /* HDZMineController.m in Sources */ = {isa = PBXBuildFile; fileRef = A26DF1CE2085918F00EEFFA5 /* HDZMineController.m */; };
		A26DF1D22085B15700EEFFA5 /* HDZIndividualController.m in Sources */ = {isa = PBXBuildFile; fileRef = A26DF1D12085B15700EEFFA5 /* HDZIndividualController.m */; };
		A26DF1D52085B19000EEFFA5 /* HDZNameController.m in Sources */ = {isa = PBXBuildFile; fileRef = A26DF1D42085B19000EEFFA5 /* HDZNameController.m */; };
		A26DF1D82085B1F900EEFFA5 /* HDZAutographController.m in Sources */ = {isa = PBXBuildFile; fileRef = A26DF1D72085B1F900EEFFA5 /* HDZAutographController.m */; };
		A26DF1DE2085DDFD00EEFFA5 /* HDZIndividual.m in Sources */ = {isa = PBXBuildFile; fileRef = A26DF1DD2085DDFD00EEFFA5 /* HDZIndividual.m */; };
		A271FCCC20775A3400AE66EF /* HDZLandscapeViewController.m in Sources */ = {isa = PBXBuildFile; fileRef = A271FCCB20775A3400AE66EF /* HDZLandscapeViewController.m */; };
		A274BAE7208D69CF0061277B /* HDZGoodsCountDownCell.m in Sources */ = {isa = PBXBuildFile; fileRef = A274BAE6208D69CF0061277B /* HDZGoodsCountDownCell.m */; };
		A274BAEA208D6A390061277B /* HDZGoodsHandheldCell.m in Sources */ = {isa = PBXBuildFile; fileRef = A274BAE9208D6A390061277B /* HDZGoodsHandheldCell.m */; };
		A274BAED208D6A610061277B /* HDZGoodsYouLikeCell.m in Sources */ = {isa = PBXBuildFile; fileRef = A274BAEC208D6A610061277B /* HDZGoodsYouLikeCell.m */; };
		A274BAF0208D6B3C0061277B /* HDZGoodsGridCell.m in Sources */ = {isa = PBXBuildFile; fileRef = A274BAEF208D6B3C0061277B /* HDZGoodsGridCell.m */; };
		A274BAF3208D6B670061277B /* HDZExceedApplianceCell.m in Sources */ = {isa = PBXBuildFile; fileRef = A274BAF2208D6B670061277B /* HDZExceedApplianceCell.m */; };
		A274BAF6208D6B7F0061277B /* HDZNewWelfareCell.m in Sources */ = {isa = PBXBuildFile; fileRef = A274BAF5208D6B7F0061277B /* HDZNewWelfareCell.m */; };
		A274BAF9208D6BC20061277B /* HDZTopLineFootView.m in Sources */ = {isa = PBXBuildFile; fileRef = A274BAF8208D6BC20061277B /* HDZTopLineFootView.m */; };
		A274BAFC208D6BED0061277B /* HDZOverFootView.m in Sources */ = {isa = PBXBuildFile; fileRef = A274BAFB208D6BED0061277B /* HDZOverFootView.m */; };
		A274BAFF208D6C150061277B /* HDZScrollAdFootView.m in Sources */ = {isa = PBXBuildFile; fileRef = A274BAFE208D6C150061277B /* HDZScrollAdFootView.m */; };
		A274BB02208D6C2E0061277B /* HDZYouLikeHeadView.m in Sources */ = {isa = PBXBuildFile; fileRef = A274BB01208D6C2E0061277B /* HDZYouLikeHeadView.m */; };
		A274BB05208D6D210061277B /* HDZSlideshowHeadView.m in Sources */ = {isa = PBXBuildFile; fileRef = A274BB04208D6D210061277B /* HDZSlideshowHeadView.m */; };
		A274BB08208D6D370061277B /* HDZCountDownHeadView.m in Sources */ = {isa = PBXBuildFile; fileRef = A274BB07208D6D370061277B /* HDZCountDownHeadView.m */; };
		A28335792091F42100343F80 /* HDZSpeedy.m in Sources */ = {isa = PBXBuildFile; fileRef = A28335782091F42100343F80 /* HDZSpeedy.m */; };
		A2843441207C63920051B6A4 /* HDZMessageViewController.m in Sources */ = {isa = PBXBuildFile; fileRef = A2843440207C63920051B6A4 /* HDZMessageViewController.m */; };
		A2843444207C64F70051B6A4 /* HDZMessageCell.m in Sources */ = {isa = PBXBuildFile; fileRef = A2843443207C64F70051B6A4 /* HDZMessageCell.m */; };
		A288846D207A41CE00657F99 /* HDZBounceAnimationController.m in Sources */ = {isa = PBXBuildFile; fileRef = A288846C207A41CE00657F99 /* HDZBounceAnimationController.m */; };
		A29BB559208F27E000ADECA9 /* UIColor+HDZColorTranslation.m in Sources */ = {isa = PBXBuildFile; fileRef = A29BB558208F27E000ADECA9 /* UIColor+HDZColorTranslation.m */; };
		A2AC7BB02073BF3700C04707 /* HDZDetailViewController.m in Sources */ = {isa = PBXBuildFile; fileRef = A2AC7BAF2073BF3700C04707 /* HDZDetailViewController.m */; };
		A2C1CEE62073297F008662FB /* UIImageView+HDZDownloadImage.m in Sources */ = {isa = PBXBuildFile; fileRef = A2C1CEE52073297F008662FB /* UIImageView+HDZDownloadImage.m */; };
		A2F4D07B206F68EE00AE12D3 /* LoadingCell.xib in Resources */ = {isa = PBXBuildFile; fileRef = A2F4D07A206F68EE00AE12D3 /* LoadingCell.xib */; };
		A2FC2E522074727F0017D7A6 /* HDZDimmingPresentationController.m in Sources */ = {isa = PBXBuildFile; fileRef = A2FC2E512074727F0017D7A6 /* HDZDimmingPresentationController.m */; };
		C4E0D1FA108A38A71A800231 /* libPods-iTunesSearch.a in Frameworks */ = {isa = PBXBuildFile; fileRef = A9B831C1FE1B7136593781A9 /* libPods-iTunesSearch.a */; };
/* End PBXBuildFile section */

/* Begin PBXContainerItemProxy section */
		A268DA04206D3AD400C413B6 /* PBXContainerItemProxy */ = {
			isa = PBXContainerItemProxy;
			containerPortal = A268D9E3206D3AD400C413B6 /* Project object */;
			proxyType = 1;
			remoteGlobalIDString = A268D9EA206D3AD400C413B6;
			remoteInfo = iTunesSearch;
		};
		A268DA0F206D3AD400C413B6 /* PBXContainerItemProxy */ = {
			isa = PBXContainerItemProxy;
			containerPortal = A268D9E3206D3AD400C413B6 /* Project object */;
			proxyType = 1;
			remoteGlobalIDString = A268D9EA206D3AD400C413B6;
			remoteInfo = iTunesSearch;
		};
/* End PBXContainerItemProxy section */

/* Begin PBXFileReference section */
		1DF9CC66F2DD9758DD546A99 /* Pods-iTunesSearch.release.xcconfig */ = {isa = PBXFileReference; includeInIndex = 1; lastKnownFileType = text.xcconfig; name = "Pods-iTunesSearch.release.xcconfig"; path = "Pods/Target Support Files/Pods-iTunesSearch/Pods-iTunesSearch.release.xcconfig"; sourceTree = "<group>"; };
		8E7E5437038780DDA45ADF63 /* Pods-iTunesSearch.debug.xcconfig */ = {isa = PBXFileReference; includeInIndex = 1; lastKnownFileType = text.xcconfig; name = "Pods-iTunesSearch.debug.xcconfig"; path = "Pods/Target Support Files/Pods-iTunesSearch/Pods-iTunesSearch.debug.xcconfig"; sourceTree = "<group>"; };
		A211D0E1206E305C0085CEBA /* HDZNothingFoundCell.xib */ = {isa = PBXFileReference; lastKnownFileType = file.xib; path = HDZNothingFoundCell.xib; sourceTree = "<group>"; };
		A211D0E3206E307F0085CEBA /* HDZSearchResultCell.h */ = {isa = PBXFileReference; lastKnownFileType = sourcecode.c.h; path = HDZSearchResultCell.h; sourceTree = "<group>"; };
		A211D0E4206E307F0085CEBA /* HDZSearchResultCell.m */ = {isa = PBXFileReference; lastKnownFileType = sourcecode.c.objc; path = HDZSearchResultCell.m; sourceTree = "<group>"; };
		A211D0E5206E307F0085CEBA /* HDZSearchResultCell.xib */ = {isa = PBXFileReference; lastKnownFileType = file.xib; path = HDZSearchResultCell.xib; sourceTree = "<group>"; };
		A24E9B54207137360060CF92 /* NSObject+YYModel.h */ = {isa = PBXFileReference; fileEncoding = 4; lastKnownFileType = sourcecode.c.h; path = "NSObject+YYModel.h"; sourceTree = "<group>"; };
		A24E9B55207137360060CF92 /* NSObject+YYModel.m */ = {isa = PBXFileReference; fileEncoding = 4; lastKnownFileType = sourcecode.c.objc; path = "NSObject+YYModel.m"; sourceTree = "<group>"; };
		A24E9B56207137360060CF92 /* YYClassInfo.h */ = {isa = PBXFileReference; fileEncoding = 4; lastKnownFileType = sourcecode.c.h; path = YYClassInfo.h; sourceTree = "<group>"; };
		A24E9B57207137360060CF92 /* YYClassInfo.m */ = {isa = PBXFileReference; fileEncoding = 4; lastKnownFileType = sourcecode.c.objc; path = YYClassInfo.m; sourceTree = "<group>"; };
		A24E9B58207137360060CF92 /* YYModel.h */ = {isa = PBXFileReference; fileEncoding = 4; lastKnownFileType = sourcecode.c.h; path = YYModel.h; sourceTree = "<group>"; };
		A2647B5220808CAC00B466FE /* HDZAttentionViewController.h */ = {isa = PBXFileReference; lastKnownFileType = sourcecode.c.h; path = HDZAttentionViewController.h; sourceTree = "<group>"; };
		A2647B5320808CAC00B466FE /* HDZAttentionViewController.m */ = {isa = PBXFileReference; lastKnownFileType = sourcecode.c.objc; path = HDZAttentionViewController.m; sourceTree = "<group>"; };
		A2647B5520808D2A00B466FE /* HDZProductViewController.h */ = {isa = PBXFileReference; lastKnownFileType = sourcecode.c.h; path = HDZProductViewController.h; sourceTree = "<group>"; };
		A2647B5620808D2A00B466FE /* HDZProductViewController.m */ = {isa = PBXFileReference; lastKnownFileType = sourcecode.c.objc; path = HDZProductViewController.m; sourceTree = "<group>"; };
		A2647B5820808E4600B466FE /* UIView+Frame.h */ = {isa = PBXFileReference; fileEncoding = 4; lastKnownFileType = sourcecode.c.h; path = "UIView+Frame.h"; sourceTree = "<group>"; };
		A2647B5920808E4600B466FE /* UIView+Frame.m */ = {isa = PBXFileReference; fileEncoding = 4; lastKnownFileType = sourcecode.c.objc; path = "UIView+Frame.m"; sourceTree = "<group>"; };
		A2647B5B20808EA800B466FE /* HDZLifeViewController.m */ = {isa = PBXFileReference; fileEncoding = 4; lastKnownFileType = sourcecode.c.objc; path = HDZLifeViewController.m; sourceTree = "<group>"; };
		A2647B5C20808EA800B466FE /* HDZLifeViewController.h */ = {isa = PBXFileReference; fileEncoding = 4; lastKnownFileType = sourcecode.c.h; path = HDZLifeViewController.h; sourceTree = "<group>"; };
		A267C871208C6751000A3C64 /* HDZMallViewController.h */ = {isa = PBXFileReference; lastKnownFileType = sourcecode.c.h; path = HDZMallViewController.h; sourceTree = "<group>"; };
		A267C872208C6751000A3C64 /* HDZMallViewController.m */ = {isa = PBXFileReference; lastKnownFileType = sourcecode.c.objc; path = HDZMallViewController.m; sourceTree = "<group>"; };
		A267C876208C8289000A3C64 /* PrefixHeader.pch */ = {isa = PBXFileReference; lastKnownFileType = sourcecode.c.h; path = PrefixHeader.pch; sourceTree = "<group>"; };
		A267C87A208C880E000A3C64 /* HDZGridItem.h */ = {isa = PBXFileReference; lastKnownFileType = sourcecode.c.h; path = HDZGridItem.h; sourceTree = "<group>"; };
		A267C87B208C880E000A3C64 /* HDZGridItem.m */ = {isa = PBXFileReference; lastKnownFileType = sourcecode.c.objc; path = HDZGridItem.m; sourceTree = "<group>"; };
		A267C87D208C8863000A3C64 /* HDZRecommendItem.h */ = {isa = PBXFileReference; lastKnownFileType = sourcecode.c.h; path = HDZRecommendItem.h; sourceTree = "<group>"; };
		A267C87E208C8863000A3C64 /* HDZRecommendItem.m */ = {isa = PBXFileReference; lastKnownFileType = sourcecode.c.objc; path = HDZRecommendItem.m; sourceTree = "<group>"; };
		A267C881208C8957000A3C64 /* GoodsGrid.plist */ = {isa = PBXFileReference; fileEncoding = 4; lastKnownFileType = text.plist.xml; path = GoodsGrid.plist; sourceTree = "<group>"; };
		A267C882208C8957000A3C64 /* CountDownShop.plist */ = {isa = PBXFileReference; fileEncoding = 4; lastKnownFileType = text.plist.xml; path = CountDownShop.plist; sourceTree = "<group>"; };
		A267C883208C8958000A3C64 /* HomeHighGoods.plist */ = {isa = PBXFileReference; fileEncoding = 4; lastKnownFileType = text.plist.xml; path = HomeHighGoods.plist; sourceTree = "<group>"; };
		A267C887208CE9F6000A3C64 /* HDZConsts.h */ = {isa = PBXFileReference; lastKnownFileType = sourcecode.c.h; path = HDZConsts.h; sourceTree = "<group>"; };
		A267C888208CE9F6000A3C64 /* HDZConsts.m */ = {isa = PBXFileReference; lastKnownFileType = sourcecode.c.objc; path = HDZConsts.m; sourceTree = "<group>"; };
		A268D9EB206D3AD400C413B6 /* iTunesSearch.app */ = {isa = PBXFileReference; explicitFileType = wrapper.application; includeInIndex = 0; path = iTunesSearch.app; sourceTree = BUILT_PRODUCTS_DIR; };
		A268D9EE206D3AD400C413B6 /* AppDelegate.h */ = {isa = PBXFileReference; lastKnownFileType = sourcecode.c.h; path = AppDelegate.h; sourceTree = "<group>"; };
		A268D9EF206D3AD400C413B6 /* AppDelegate.m */ = {isa = PBXFileReference; lastKnownFileType = sourcecode.c.objc; path = AppDelegate.m; sourceTree = "<group>"; };
		A268D9F1206D3AD400C413B6 /* HDZSearchViewController.h */ = {isa = PBXFileReference; lastKnownFileType = sourcecode.c.h; path = HDZSearchViewController.h; sourceTree = "<group>"; };
		A268D9F2206D3AD400C413B6 /* HDZSearchViewController.m */ = {isa = PBXFileReference; lastKnownFileType = sourcecode.c.objc; path = HDZSearchViewController.m; sourceTree = "<group>"; };
		A268D9F5206D3AD400C413B6 /* Base */ = {isa = PBXFileReference; lastKnownFileType = file.storyboard; name = Base; path = Base.lproj/Main.storyboard; sourceTree = "<group>"; };
		A268D9F7206D3AD400C413B6 /* Assets.xcassets */ = {isa = PBXFileReference; lastKnownFileType = folder.assetcatalog; path = Assets.xcassets; sourceTree = "<group>"; };
		A268D9FA206D3AD400C413B6 /* Base */ = {isa = PBXFileReference; lastKnownFileType = file.storyboard; name = Base; path = Base.lproj/LaunchScreen.storyboard; sourceTree = "<group>"; };
		A268D9FC206D3AD400C413B6 /* Info.plist */ = {isa = PBXFileReference; lastKnownFileType = text.plist.xml; path = Info.plist; sourceTree = "<group>"; };
		A268D9FD206D3AD400C413B6 /* main.m */ = {isa = PBXFileReference; lastKnownFileType = sourcecode.c.objc; path = main.m; sourceTree = "<group>"; };
		A268DA03206D3AD400C413B6 /* iTunesSearchTests.xctest */ = {isa = PBXFileReference; explicitFileType = wrapper.cfbundle; includeInIndex = 0; path = iTunesSearchTests.xctest; sourceTree = BUILT_PRODUCTS_DIR; };
		A268DA07206D3AD400C413B6 /* iTunesSearchTests.m */ = {isa = PBXFileReference; lastKnownFileType = sourcecode.c.objc; path = iTunesSearchTests.m; sourceTree = "<group>"; };
		A268DA09206D3AD400C413B6 /* Info.plist */ = {isa = PBXFileReference; lastKnownFileType = text.plist.xml; path = Info.plist; sourceTree = "<group>"; };
		A268DA0E206D3AD400C413B6 /* iTunesSearchUITests.xctest */ = {isa = PBXFileReference; explicitFileType = wrapper.cfbundle; includeInIndex = 0; path = iTunesSearchUITests.xctest; sourceTree = BUILT_PRODUCTS_DIR; };
		A268DA12206D3AD400C413B6 /* iTunesSearchUITests.m */ = {isa = PBXFileReference; lastKnownFileType = sourcecode.c.objc; path = iTunesSearchUITests.m; sourceTree = "<group>"; };
		A268DA14206D3AD400C413B6 /* Info.plist */ = {isa = PBXFileReference; lastKnownFileType = text.plist.xml; path = Info.plist; sourceTree = "<group>"; };
		A268DA20206D3DE400C413B6 /* HDZSearchResult.h */ = {isa = PBXFileReference; lastKnownFileType = sourcecode.c.h; path = HDZSearchResult.h; sourceTree = "<group>"; };
		A268DA21206D3DE400C413B6 /* HDZSearchResult.m */ = {isa = PBXFileReference; lastKnownFileType = sourcecode.c.objc; path = HDZSearchResult.m; sourceTree = "<group>"; };
		A2697C2B2081C76E00210F6D /* HDZAttentionCell.h */ = {isa = PBXFileReference; lastKnownFileType = sourcecode.c.h; path = HDZAttentionCell.h; sourceTree = "<group>"; };
		A2697C2C2081C76E00210F6D /* HDZAttentionCell.m */ = {isa = PBXFileReference; lastKnownFileType = sourcecode.c.objc; path = HDZAttentionCell.m; sourceTree = "<group>"; };
		A2697C2D2081C76E00210F6D /* HDZAttentionCell.xib */ = {isa = PBXFileReference; lastKnownFileType = file.xib; path = HDZAttentionCell.xib; sourceTree = "<group>"; };
		A2698C64208310280059FB22 /* HDZImageCollectionView.h */ = {isa = PBXFileReference; lastKnownFileType = sourcecode.c.h; path = HDZImageCollectionView.h; sourceTree = "<group>"; };
		A2698C65208310280059FB22 /* HDZImageCollectionView.m */ = {isa = PBXFileReference; lastKnownFileType = sourcecode.c.objc; path = HDZImageCollectionView.m; sourceTree = "<group>"; };
		A2698C67208310490059FB22 /* HDZImageCollectionView.xib */ = {isa = PBXFileReference; lastKnownFileType = file.xib; path = HDZImageCollectionView.xib; sourceTree = "<group>"; };
		A2698C692083187C0059FB22 /* HDZImageCollectionLayout.h */ = {isa = PBXFileReference; lastKnownFileType = sourcecode.c.h; path = HDZImageCollectionLayout.h; sourceTree = "<group>"; };
		A2698C6A2083187C0059FB22 /* HDZImageCollectionLayout.m */ = {isa = PBXFileReference; lastKnownFileType = sourcecode.c.objc; path = HDZImageCollectionLayout.m; sourceTree = "<group>"; };
		A2698C6C20831DC70059FB22 /* HDZImageCollectionCell.h */ = {isa = PBXFileReference; lastKnownFileType = sourcecode.c.h; path = HDZImageCollectionCell.h; sourceTree = "<group>"; };
		A2698C6D20831DC70059FB22 /* HDZImageCollectionCell.m */ = {isa = PBXFileReference; lastKnownFileType = sourcecode.c.objc; path = HDZImageCollectionCell.m; sourceTree = "<group>"; };
		A2698C6E20831DC70059FB22 /* HDZImageCollectionCell.xib */ = {isa = PBXFileReference; lastKnownFileType = file.xib; path = HDZImageCollectionCell.xib; sourceTree = "<group>"; };
		A269DBB4207AFB0D004418A4 /* HDZSlideOutAnimationController.h */ = {isa = PBXFileReference; lastKnownFileType = sourcecode.c.h; path = HDZSlideOutAnimationController.h; sourceTree = "<group>"; };
		A269DBB5207AFB0D004418A4 /* HDZSlideOutAnimationController.m */ = {isa = PBXFileReference; lastKnownFileType = sourcecode.c.objc; path = HDZSlideOutAnimationController.m; sourceTree = "<group>"; };
		A269DBF5207B273F004418A4 /* HDZSearch.h */ = {isa = PBXFileReference; lastKnownFileType = sourcecode.c.h; path = HDZSearch.h; sourceTree = "<group>"; };
		A269DBF6207B273F004418A4 /* HDZSearch.m */ = {isa = PBXFileReference; lastKnownFileType = sourcecode.c.objc; path = HDZSearch.m; sourceTree = "<group>"; };
		A26CF76920765E130043395C /* HDZGradientView.h */ = {isa = PBXFileReference; lastKnownFileType = sourcecode.c.h; path = HDZGradientView.h; sourceTree = "<group>"; };
		A26CF76A20765E130043395C /* HDZGradientView.m */ = {isa = PBXFileReference; lastKnownFileType = sourcecode.c.objc; path = HDZGradientView.m; sourceTree = "<group>"; };
		A26DF1CD2085918F00EEFFA5 /* HDZMineController.h */ = {isa = PBXFileReference; lastKnownFileType = sourcecode.c.h; path = HDZMineController.h; sourceTree = "<group>"; };
		A26DF1CE2085918F00EEFFA5 /* HDZMineController.m */ = {isa = PBXFileReference; lastKnownFileType = sourcecode.c.objc; path = HDZMineController.m; sourceTree = "<group>"; };
		A26DF1D02085B15700EEFFA5 /* HDZIndividualController.h */ = {isa = PBXFileReference; lastKnownFileType = sourcecode.c.h; path = HDZIndividualController.h; sourceTree = "<group>"; };
		A26DF1D12085B15700EEFFA5 /* HDZIndividualController.m */ = {isa = PBXFileReference; lastKnownFileType = sourcecode.c.objc; path = HDZIndividualController.m; sourceTree = "<group>"; };
		A26DF1D32085B19000EEFFA5 /* HDZNameController.h */ = {isa = PBXFileReference; lastKnownFileType = sourcecode.c.h; path = HDZNameController.h; sourceTree = "<group>"; };
		A26DF1D42085B19000EEFFA5 /* HDZNameController.m */ = {isa = PBXFileReference; lastKnownFileType = sourcecode.c.objc; path = HDZNameController.m; sourceTree = "<group>"; };
		A26DF1D62085B1F900EEFFA5 /* HDZAutographController.h */ = {isa = PBXFileReference; lastKnownFileType = sourcecode.c.h; path = HDZAutographController.h; sourceTree = "<group>"; };
		A26DF1D72085B1F900EEFFA5 /* HDZAutographController.m */ = {isa = PBXFileReference; lastKnownFileType = sourcecode.c.objc; path = HDZAutographController.m; sourceTree = "<group>"; };
		A26DF1DC2085DDFD00EEFFA5 /* HDZIndividual.h */ = {isa = PBXFileReference; lastKnownFileType = sourcecode.c.h; path = HDZIndividual.h; sourceTree = "<group>"; };
		A26DF1DD2085DDFD00EEFFA5 /* HDZIndividual.m */ = {isa = PBXFileReference; lastKnownFileType = sourcecode.c.objc; path = HDZIndividual.m; sourceTree = "<group>"; };
		A271FCCA20775A3400AE66EF /* HDZLandscapeViewController.h */ = {isa = PBXFileReference; lastKnownFileType = sourcecode.c.h; path = HDZLandscapeViewController.h; sourceTree = "<group>"; };
		A271FCCB20775A3400AE66EF /* HDZLandscapeViewController.m */ = {isa = PBXFileReference; lastKnownFileType = sourcecode.c.objc; path = HDZLandscapeViewController.m; sourceTree = "<group>"; };
		A274BAE5208D69CF0061277B /* HDZGoodsCountDownCell.h */ = {isa = PBXFileReference; lastKnownFileType = sourcecode.c.h; path = HDZGoodsCountDownCell.h; sourceTree = "<group>"; };
		A274BAE6208D69CF0061277B /* HDZGoodsCountDownCell.m */ = {isa = PBXFileReference; lastKnownFileType = sourcecode.c.objc; path = HDZGoodsCountDownCell.m; sourceTree = "<group>"; };
		A274BAE8208D6A390061277B /* HDZGoodsHandheldCell.h */ = {isa = PBXFileReference; lastKnownFileType = sourcecode.c.h; path = HDZGoodsHandheldCell.h; sourceTree = "<group>"; };
		A274BAE9208D6A390061277B /* HDZGoodsHandheldCell.m */ = {isa = PBXFileReference; lastKnownFileType = sourcecode.c.objc; path = HDZGoodsHandheldCell.m; sourceTree = "<group>"; };
		A274BAEB208D6A610061277B /* HDZGoodsYouLikeCell.h */ = {isa = PBXFileReference; lastKnownFileType = sourcecode.c.h; path = HDZGoodsYouLikeCell.h; sourceTree = "<group>"; };
		A274BAEC208D6A610061277B /* HDZGoodsYouLikeCell.m */ = {isa = PBXFileReference; lastKnownFileType = sourcecode.c.objc; path = HDZGoodsYouLikeCell.m; sourceTree = "<group>"; };
		A274BAEE208D6B3C0061277B /* HDZGoodsGridCell.h */ = {isa = PBXFileReference; lastKnownFileType = sourcecode.c.h; path = HDZGoodsGridCell.h; sourceTree = "<group>"; };
		A274BAEF208D6B3C0061277B /* HDZGoodsGridCell.m */ = {isa = PBXFileReference; lastKnownFileType = sourcecode.c.objc; path = HDZGoodsGridCell.m; sourceTree = "<group>"; };
		A274BAF1208D6B670061277B /* HDZExceedApplianceCell.h */ = {isa = PBXFileReference; lastKnownFileType = sourcecode.c.h; path = HDZExceedApplianceCell.h; sourceTree = "<group>"; };
		A274BAF2208D6B670061277B /* HDZExceedApplianceCell.m */ = {isa = PBXFileReference; lastKnownFileType = sourcecode.c.objc; path = HDZExceedApplianceCell.m; sourceTree = "<group>"; };
		A274BAF4208D6B7F0061277B /* HDZNewWelfareCell.h */ = {isa = PBXFileReference; lastKnownFileType = sourcecode.c.h; path = HDZNewWelfareCell.h; sourceTree = "<group>"; };
		A274BAF5208D6B7F0061277B /* HDZNewWelfareCell.m */ = {isa = PBXFileReference; lastKnownFileType = sourcecode.c.objc; path = HDZNewWelfareCell.m; sourceTree = "<group>"; };
		A274BAF7208D6BC20061277B /* HDZTopLineFootView.h */ = {isa = PBXFileReference; lastKnownFileType = sourcecode.c.h; path = HDZTopLineFootView.h; sourceTree = "<group>"; };
		A274BAF8208D6BC20061277B /* HDZTopLineFootView.m */ = {isa = PBXFileReference; lastKnownFileType = sourcecode.c.objc; path = HDZTopLineFootView.m; sourceTree = "<group>"; };
		A274BAFA208D6BED0061277B /* HDZOverFootView.h */ = {isa = PBXFileReference; lastKnownFileType = sourcecode.c.h; path = HDZOverFootView.h; sourceTree = "<group>"; };
		A274BAFB208D6BED0061277B /* HDZOverFootView.m */ = {isa = PBXFileReference; lastKnownFileType = sourcecode.c.objc; path = HDZOverFootView.m; sourceTree = "<group>"; };
		A274BAFD208D6C150061277B /* HDZScrollAdFootView.h */ = {isa = PBXFileReference; lastKnownFileType = sourcecode.c.h; path = HDZScrollAdFootView.h; sourceTree = "<group>"; };
		A274BAFE208D6C150061277B /* HDZScrollAdFootView.m */ = {isa = PBXFileReference; lastKnownFileType = sourcecode.c.objc; path = HDZScrollAdFootView.m; sourceTree = "<group>"; };
		A274BB00208D6C2E0061277B /* HDZYouLikeHeadView.h */ = {isa = PBXFileReference; lastKnownFileType = sourcecode.c.h; path = HDZYouLikeHeadView.h; sourceTree = "<group>"; };
		A274BB01208D6C2E0061277B /* HDZYouLikeHeadView.m */ = {isa = PBXFileReference; lastKnownFileType = sourcecode.c.objc; path = HDZYouLikeHeadView.m; sourceTree = "<group>"; };
		A274BB03208D6D210061277B /* HDZSlideshowHeadView.h */ = {isa = PBXFileReference; lastKnownFileType = sourcecode.c.h; path = HDZSlideshowHeadView.h; sourceTree = "<group>"; };
		A274BB04208D6D210061277B /* HDZSlideshowHeadView.m */ = {isa = PBXFileReference; lastKnownFileType = sourcecode.c.objc; path = HDZSlideshowHeadView.m; sourceTree = "<group>"; };
		A274BB06208D6D370061277B /* HDZCountDownHeadView.h */ = {isa = PBXFileReference; lastKnownFileType = sourcecode.c.h; path = HDZCountDownHeadView.h; sourceTree = "<group>"; };
		A274BB07208D6D370061277B /* HDZCountDownHeadView.m */ = {isa = PBXFileReference; lastKnownFileType = sourcecode.c.objc; path = HDZCountDownHeadView.m; sourceTree = "<group>"; };
		A28335772091F42100343F80 /* HDZSpeedy.h */ = {isa = PBXFileReference; lastKnownFileType = sourcecode.c.h; path = HDZSpeedy.h; sourceTree = "<group>"; };
		A28335782091F42100343F80 /* HDZSpeedy.m */ = {isa = PBXFileReference; lastKnownFileType = sourcecode.c.objc; path = HDZSpeedy.m; sourceTree = "<group>"; };
		A284343F207C63920051B6A4 /* HDZMessageViewController.h */ = {isa = PBXFileReference; lastKnownFileType = sourcecode.c.h; path = HDZMessageViewController.h; sourceTree = "<group>"; };
		A2843440207C63920051B6A4 /* HDZMessageViewController.m */ = {isa = PBXFileReference; lastKnownFileType = sourcecode.c.objc; path = HDZMessageViewController.m; sourceTree = "<group>"; };
		A2843442207C64F70051B6A4 /* HDZMessageCell.h */ = {isa = PBXFileReference; lastKnownFileType = sourcecode.c.h; path = HDZMessageCell.h; sourceTree = "<group>"; };
		A2843443207C64F70051B6A4 /* HDZMessageCell.m */ = {isa = PBXFileReference; lastKnownFileType = sourcecode.c.objc; path = HDZMessageCell.m; sourceTree = "<group>"; };
		A288846B207A41CE00657F99 /* HDZBounceAnimationController.h */ = {isa = PBXFileReference; lastKnownFileType = sourcecode.c.h; path = HDZBounceAnimationController.h; sourceTree = "<group>"; };
		A288846C207A41CE00657F99 /* HDZBounceAnimationController.m */ = {isa = PBXFileReference; lastKnownFileType = sourcecode.c.objc; path = HDZBounceAnimationController.m; sourceTree = "<group>"; };
		A29BB557208F27E000ADECA9 /* UIColor+HDZColorTranslation.h */ = {isa = PBXFileReference; lastKnownFileType = sourcecode.c.h; path = "UIColor+HDZColorTranslation.h"; sourceTree = "<group>"; };
		A29BB558208F27E000ADECA9 /* UIColor+HDZColorTranslation.m */ = {isa = PBXFileReference; lastKnownFileType = sourcecode.c.objc; path = "UIColor+HDZColorTranslation.m"; sourceTree = "<group>"; };
		A2AC7BAE2073BF3700C04707 /* HDZDetailViewController.h */ = {isa = PBXFileReference; lastKnownFileType = sourcecode.c.h; path = HDZDetailViewController.h; sourceTree = "<group>"; };
		A2AC7BAF2073BF3700C04707 /* HDZDetailViewController.m */ = {isa = PBXFileReference; lastKnownFileType = sourcecode.c.objc; path = HDZDetailViewController.m; sourceTree = "<group>"; };
		A2C1CEE42073297F008662FB /* UIImageView+HDZDownloadImage.h */ = {isa = PBXFileReference; lastKnownFileType = sourcecode.c.h; path = "UIImageView+HDZDownloadImage.h"; sourceTree = "<group>"; };
		A2C1CEE52073297F008662FB /* UIImageView+HDZDownloadImage.m */ = {isa = PBXFileReference; lastKnownFileType = sourcecode.c.objc; path = "UIImageView+HDZDownloadImage.m"; sourceTree = "<group>"; };
		A2F4D07A206F68EE00AE12D3 /* LoadingCell.xib */ = {isa = PBXFileReference; lastKnownFileType = file.xib; path = LoadingCell.xib; sourceTree = "<group>"; };
		A2FC2E502074727F0017D7A6 /* HDZDimmingPresentationController.h */ = {isa = PBXFileReference; lastKnownFileType = sourcecode.c.h; path = HDZDimmingPresentationController.h; sourceTree = "<group>"; };
		A2FC2E512074727F0017D7A6 /* HDZDimmingPresentationController.m */ = {isa = PBXFileReference; lastKnownFileType = sourcecode.c.objc; path = HDZDimmingPresentationController.m; sourceTree = "<group>"; };
		A9B831C1FE1B7136593781A9 /* libPods-iTunesSearch.a */ = {isa = PBXFileReference; explicitFileType = archive.ar; includeInIndex = 0; path = "libPods-iTunesSearch.a"; sourceTree = BUILT_PRODUCTS_DIR; };
/* End PBXFileReference section */

/* Begin PBXFrameworksBuildPhase section */
		A268D9E8206D3AD400C413B6 /* Frameworks */ = {
			isa = PBXFrameworksBuildPhase;
			buildActionMask = 2147483647;
			files = (
				C4E0D1FA108A38A71A800231 /* libPods-iTunesSearch.a in Frameworks */,
			);
			runOnlyForDeploymentPostprocessing = 0;
		};
		A268DA00206D3AD400C413B6 /* Frameworks */ = {
			isa = PBXFrameworksBuildPhase;
			buildActionMask = 2147483647;
			files = (
			);
			runOnlyForDeploymentPostprocessing = 0;
		};
		A268DA0B206D3AD400C413B6 /* Frameworks */ = {
			isa = PBXFrameworksBuildPhase;
			buildActionMask = 2147483647;
			files = (
			);
			runOnlyForDeploymentPostprocessing = 0;
		};
/* End PBXFrameworksBuildPhase section */

/* Begin PBXGroup section */
		1942FA176C38DD3C6CED7D1D /* Frameworks */ = {
			isa = PBXGroup;
			children = (
				A9B831C1FE1B7136593781A9 /* libPods-iTunesSearch.a */,
			);
			name = Frameworks;
			sourceTree = "<group>";
		};
		A24E9B53207137360060CF92 /* YYModel */ = {
			isa = PBXGroup;
			children = (
				A24E9B54207137360060CF92 /* NSObject+YYModel.h */,
				A24E9B55207137360060CF92 /* NSObject+YYModel.m */,
				A24E9B56207137360060CF92 /* YYClassInfo.h */,
				A24E9B57207137360060CF92 /* YYClassInfo.m */,
				A24E9B58207137360060CF92 /* YYModel.h */,
			);
			path = YYModel;
			sourceTree = "<group>";
		};
		A266AA95207BBD05009F72D6 /* Search */ = {
			isa = PBXGroup;
			children = (
				A268D9F1206D3AD400C413B6 /* HDZSearchViewController.h */,
				A268D9F2206D3AD400C413B6 /* HDZSearchViewController.m */,
				A211D0E3206E307F0085CEBA /* HDZSearchResultCell.h */,
				A211D0E4206E307F0085CEBA /* HDZSearchResultCell.m */,
				A2C1CEE42073297F008662FB /* UIImageView+HDZDownloadImage.h */,
				A2C1CEE52073297F008662FB /* UIImageView+HDZDownloadImage.m */,
				A211D0E5206E307F0085CEBA /* HDZSearchResultCell.xib */,
				A211D0E1206E305C0085CEBA /* HDZNothingFoundCell.xib */,
				A2F4D07A206F68EE00AE12D3 /* LoadingCell.xib */,
				A271FCCA20775A3400AE66EF /* HDZLandscapeViewController.h */,
				A271FCCB20775A3400AE66EF /* HDZLandscapeViewController.m */,
				A26CF76920765E130043395C /* HDZGradientView.h */,
				A269DBF5207B273F004418A4 /* HDZSearch.h */,
				A269DBF6207B273F004418A4 /* HDZSearch.m */,
				A26CF76A20765E130043395C /* HDZGradientView.m */,
				A2AC7BAE2073BF3700C04707 /* HDZDetailViewController.h */,
				A2AC7BAF2073BF3700C04707 /* HDZDetailViewController.m */,
				A288846B207A41CE00657F99 /* HDZBounceAnimationController.h */,
				A288846C207A41CE00657F99 /* HDZBounceAnimationController.m */,
				A2FC2E502074727F0017D7A6 /* HDZDimmingPresentationController.h */,
				A2FC2E512074727F0017D7A6 /* HDZDimmingPresentationController.m */,
				A269DBB4207AFB0D004418A4 /* HDZSlideOutAnimationController.h */,
				A269DBB5207AFB0D004418A4 /* HDZSlideOutAnimationController.m */,
				A268DA20206D3DE400C413B6 /* HDZSearchResult.h */,
				A268DA21206D3DE400C413B6 /* HDZSearchResult.m */,
			);
			path = Search;
			sourceTree = "<group>";
		};
		A266AA96207BBD30009F72D6 /* life */ = {
			isa = PBXGroup;
			children = (
				A267C870208C65B5000A3C64 /* 商城 */,
				A2697C302081D78100210F6D /* Attention */,
				A2647B5C20808EA800B466FE /* HDZLifeViewController.h */,
				A2647B5B20808EA800B466FE /* HDZLifeViewController.m */,
				A2647B5520808D2A00B466FE /* HDZProductViewController.h */,
				A2647B5620808D2A00B466FE /* HDZProductViewController.m */,
			);
			path = life;
			sourceTree = "<group>";
		};
		A267C870208C65B5000A3C64 /* 商城 */ = {
			isa = PBXGroup;
			children = (
				A267C879208C86E0000A3C64 /* Model */,
				A267C878208C83DB000A3C64 /* View */,
				A267C877208C83CA000A3C64 /* ViewController */,
			);
			path = "商城";
			sourceTree = "<group>";
		};
		A267C877208C83CA000A3C64 /* ViewController */ = {
			isa = PBXGroup;
			children = (
				A267C871208C6751000A3C64 /* HDZMallViewController.h */,
				A267C872208C6751000A3C64 /* HDZMallViewController.m */,
			);
			path = ViewController;
			sourceTree = "<group>";
		};
		A267C878208C83DB000A3C64 /* View */ = {
			isa = PBXGroup;
			children = (
				A274BAE5208D69CF0061277B /* HDZGoodsCountDownCell.h */,
				A274BAE6208D69CF0061277B /* HDZGoodsCountDownCell.m */,
				A274BAE8208D6A390061277B /* HDZGoodsHandheldCell.h */,
				A274BAE9208D6A390061277B /* HDZGoodsHandheldCell.m */,
				A274BAEB208D6A610061277B /* HDZGoodsYouLikeCell.h */,
				A274BAEC208D6A610061277B /* HDZGoodsYouLikeCell.m */,
				A274BAEE208D6B3C0061277B /* HDZGoodsGridCell.h */,
				A274BAEF208D6B3C0061277B /* HDZGoodsGridCell.m */,
				A274BAF1208D6B670061277B /* HDZExceedApplianceCell.h */,
				A274BAF2208D6B670061277B /* HDZExceedApplianceCell.m */,
				A274BAF4208D6B7F0061277B /* HDZNewWelfareCell.h */,
				A274BAF5208D6B7F0061277B /* HDZNewWelfareCell.m */,
				A274BAF7208D6BC20061277B /* HDZTopLineFootView.h */,
				A274BAF8208D6BC20061277B /* HDZTopLineFootView.m */,
				A274BAFA208D6BED0061277B /* HDZOverFootView.h */,
				A274BAFB208D6BED0061277B /* HDZOverFootView.m */,
				A274BAFD208D6C150061277B /* HDZScrollAdFootView.h */,
				A274BAFE208D6C150061277B /* HDZScrollAdFootView.m */,
				A274BB00208D6C2E0061277B /* HDZYouLikeHeadView.h */,
				A274BB01208D6C2E0061277B /* HDZYouLikeHeadView.m */,
				A274BB03208D6D210061277B /* HDZSlideshowHeadView.h */,
				A274BB04208D6D210061277B /* HDZSlideshowHeadView.m */,
				A274BB06208D6D370061277B /* HDZCountDownHeadView.h */,
				A274BB07208D6D370061277B /* HDZCountDownHeadView.m */,
			);
			path = View;
			sourceTree = "<group>";
		};
		A267C879208C86E0000A3C64 /* Model */ = {
			isa = PBXGroup;
			children = (
				A267C87A208C880E000A3C64 /* HDZGridItem.h */,
				A267C87B208C880E000A3C64 /* HDZGridItem.m */,
				A267C87D208C8863000A3C64 /* HDZRecommendItem.h */,
				A267C87E208C8863000A3C64 /* HDZRecommendItem.m */,
			);
			path = Model;
			sourceTree = "<group>";
		};
		A267C880208C893D000A3C64 /* Resource */ = {
			isa = PBXGroup;
			children = (
				A267C882208C8957000A3C64 /* CountDownShop.plist */,
				A267C881208C8957000A3C64 /* GoodsGrid.plist */,
				A267C883208C8958000A3C64 /* HomeHighGoods.plist */,
			);
			path = Resource;
			sourceTree = "<group>";
		};
		A268D9E2206D3AD400C413B6 = {
			isa = PBXGroup;
			children = (
				A268D9ED206D3AD400C413B6 /* iTunesSearch */,
				A268DA06206D3AD400C413B6 /* iTunesSearchTests */,
				A268DA11206D3AD400C413B6 /* iTunesSearchUITests */,
				A268D9EC206D3AD400C413B6 /* Products */,
				DB583CE3627DE9152DF433E6 /* Pods */,
				1942FA176C38DD3C6CED7D1D /* Frameworks */,
			);
			sourceTree = "<group>";
			usesTabs = 0;
		};
		A268D9EC206D3AD400C413B6 /* Products */ = {
			isa = PBXGroup;
			children = (
				A268D9EB206D3AD400C413B6 /* iTunesSearch.app */,
				A268DA03206D3AD400C413B6 /* iTunesSearchTests.xctest */,
				A268DA0E206D3AD400C413B6 /* iTunesSearchUITests.xctest */,
			);
			name = Products;
			sourceTree = "<group>";
		};
		A268D9ED206D3AD400C413B6 /* iTunesSearch */ = {
			isa = PBXGroup;
			children = (
				A28335752091F3F500343F80 /* Expand */,
				A267C880208C893D000A3C64 /* Resource */,
				A24E9B53207137360060CF92 /* YYModel */,
				A266AA95207BBD05009F72D6 /* Search */,
				A266AA96207BBD30009F72D6 /* life */,
				A26DF1CC2085914800EEFFA5 /* Mine */,
				A284343E207C635C0051B6A4 /* Message */,
				A268D9EE206D3AD400C413B6 /* AppDelegate.h */,
				A268D9EF206D3AD400C413B6 /* AppDelegate.m */,
				A268D9F4206D3AD400C413B6 /* Main.storyboard */,
				A268D9F7206D3AD400C413B6 /* Assets.xcassets */,
				A268D9F9206D3AD400C413B6 /* LaunchScreen.storyboard */,
				A268D9FC206D3AD400C413B6 /* Info.plist */,
				A268D9FD206D3AD400C413B6 /* main.m */,
				A267C876208C8289000A3C64 /* PrefixHeader.pch */,
				A267C887208CE9F6000A3C64 /* HDZConsts.h */,
				A267C888208CE9F6000A3C64 /* HDZConsts.m */,
				A2647B5820808E4600B466FE /* UIView+Frame.h */,
				A2647B5920808E4600B466FE /* UIView+Frame.m */,
				A29BB557208F27E000ADECA9 /* UIColor+HDZColorTranslation.h */,
				A29BB558208F27E000ADECA9 /* UIColor+HDZColorTranslation.m */,
			);
			path = iTunesSearch;
			sourceTree = "<group>";
		};
		A268DA06206D3AD400C413B6 /* iTunesSearchTests */ = {
			isa = PBXGroup;
			children = (
				A268DA07206D3AD400C413B6 /* iTunesSearchTests.m */,
				A268DA09206D3AD400C413B6 /* Info.plist */,
			);
			path = iTunesSearchTests;
			sourceTree = "<group>";
		};
		A268DA11206D3AD400C413B6 /* iTunesSearchUITests */ = {
			isa = PBXGroup;
			children = (
				A268DA12206D3AD400C413B6 /* iTunesSearchUITests.m */,
				A268DA14206D3AD400C413B6 /* Info.plist */,
			);
			path = iTunesSearchUITests;
			sourceTree = "<group>";
		};
		A2697C302081D78100210F6D /* Attention */ = {
			isa = PBXGroup;
			children = (
				A2697C332081D7AA00210F6D /* Modal */,
				A2697C322081D79E00210F6D /* View */,
				A2697C312081D79400210F6D /* Controller */,
			);
			path = Attention;
			sourceTree = "<group>";
		};
		A2697C312081D79400210F6D /* Controller */ = {
			isa = PBXGroup;
			children = (
				A2647B5220808CAC00B466FE /* HDZAttentionViewController.h */,
				A2647B5320808CAC00B466FE /* HDZAttentionViewController.m */,
			);
			path = Controller;
			sourceTree = "<group>";
		};
		A2697C322081D79E00210F6D /* View */ = {
			isa = PBXGroup;
			children = (
				A2698C64208310280059FB22 /* HDZImageCollectionView.h */,
				A2698C65208310280059FB22 /* HDZImageCollectionView.m */,
				A2698C67208310490059FB22 /* HDZImageCollectionView.xib */,
				A2698C6C20831DC70059FB22 /* HDZImageCollectionCell.h */,
				A2698C6D20831DC70059FB22 /* HDZImageCollectionCell.m */,
				A2698C6E20831DC70059FB22 /* HDZImageCollectionCell.xib */,
				A2697C2B2081C76E00210F6D /* HDZAttentionCell.h */,
				A2697C2C2081C76E00210F6D /* HDZAttentionCell.m */,
				A2697C2D2081C76E00210F6D /* HDZAttentionCell.xib */,
				A2698C692083187C0059FB22 /* HDZImageCollectionLayout.h */,
				A2698C6A2083187C0059FB22 /* HDZImageCollectionLayout.m */,
			);
			path = View;
			sourceTree = "<group>";
		};
		A2697C332081D7AA00210F6D /* Modal */ = {
			isa = PBXGroup;
			children = (
			);
			path = Modal;
			sourceTree = "<group>";
		};
		A26DF1CC2085914800EEFFA5 /* Mine */ = {
			isa = PBXGroup;
			children = (
				A26DF1DB2085D6C900EEFFA5 /* ViewController */,
				A26DF1DA2085D6B700EEFFA5 /* Model */,
				A26DF1D92085D6AC00EEFFA5 /* View */,
			);
			path = Mine;
			sourceTree = "<group>";
		};
		A26DF1D92085D6AC00EEFFA5 /* View */ = {
			isa = PBXGroup;
			children = (
			);
			path = View;
			sourceTree = "<group>";
		};
		A26DF1DA2085D6B700EEFFA5 /* Model */ = {
			isa = PBXGroup;
			children = (
				A26DF1DC2085DDFD00EEFFA5 /* HDZIndividual.h */,
				A26DF1DD2085DDFD00EEFFA5 /* HDZIndividual.m */,
			);
			path = Model;
			sourceTree = "<group>";
		};
		A26DF1DB2085D6C900EEFFA5 /* ViewController */ = {
			isa = PBXGroup;
			children = (
				A26DF1CD2085918F00EEFFA5 /* HDZMineController.h */,
				A26DF1CE2085918F00EEFFA5 /* HDZMineController.m */,
				A26DF1D02085B15700EEFFA5 /* HDZIndividualController.h */,
				A26DF1D12085B15700EEFFA5 /* HDZIndividualController.m */,
				A26DF1D32085B19000EEFFA5 /* HDZNameController.h */,
				A26DF1D42085B19000EEFFA5 /* HDZNameController.m */,
				A26DF1D62085B1F900EEFFA5 /* HDZAutographController.h */,
				A26DF1D72085B1F900EEFFA5 /* HDZAutographController.m */,
			);
			path = ViewController;
			sourceTree = "<group>";
		};
		A28335752091F3F500343F80 /* Expand */ = {
			isa = PBXGroup;
			children = (
				A28335762091F40800343F80 /* Tools */,
			);
			path = Expand;
			sourceTree = "<group>";
		};
		A28335762091F40800343F80 /* Tools */ = {
			isa = PBXGroup;
			children = (
				A28335772091F42100343F80 /* HDZSpeedy.h */,
				A28335782091F42100343F80 /* HDZSpeedy.m */,
			);
			path = Tools;
			sourceTree = "<group>";
		};
		A284343E207C635C0051B6A4 /* Message */ = {
			isa = PBXGroup;
			children = (
				A284343F207C63920051B6A4 /* HDZMessageViewController.h */,
				A2843440207C63920051B6A4 /* HDZMessageViewController.m */,
				A2843442207C64F70051B6A4 /* HDZMessageCell.h */,
				A2843443207C64F70051B6A4 /* HDZMessageCell.m */,
			);
			path = Message;
			sourceTree = "<group>";
		};
		DB583CE3627DE9152DF433E6 /* Pods */ = {
			isa = PBXGroup;
			children = (
				8E7E5437038780DDA45ADF63 /* Pods-iTunesSearch.debug.xcconfig */,
				1DF9CC66F2DD9758DD546A99 /* Pods-iTunesSearch.release.xcconfig */,
			);
			name = Pods;
			sourceTree = "<group>";
		};
/* End PBXGroup section */

/* Begin PBXNativeTarget section */
		A268D9EA206D3AD400C413B6 /* iTunesSearch */ = {
			isa = PBXNativeTarget;
			buildConfigurationList = A268DA17206D3AD400C413B6 /* Build configuration list for PBXNativeTarget "iTunesSearch" */;
			buildPhases = (
				4BAB574728302F3A30ECF1D9 /* [CP] Check Pods Manifest.lock */,
				A268D9E7206D3AD400C413B6 /* Sources */,
				A268D9E8206D3AD400C413B6 /* Frameworks */,
				A268D9E9206D3AD400C413B6 /* Resources */,
				E5AC76278D79F182627A050A /* [CP] Copy Pods Resources */,
				89FABA86ADD1CA94A62D0F8C /* [CP] Embed Pods Frameworks */,
			);
			buildRules = (
			);
			dependencies = (
			);
			name = iTunesSearch;
			productName = iTunesSearch;
			productReference = A268D9EB206D3AD400C413B6 /* iTunesSearch.app */;
			productType = "com.apple.product-type.application";
		};
		A268DA02206D3AD400C413B6 /* iTunesSearchTests */ = {
			isa = PBXNativeTarget;
			buildConfigurationList = A268DA1A206D3AD400C413B6 /* Build configuration list for PBXNativeTarget "iTunesSearchTests" */;
			buildPhases = (
				A268D9FF206D3AD400C413B6 /* Sources */,
				A268DA00206D3AD400C413B6 /* Frameworks */,
				A268DA01206D3AD400C413B6 /* Resources */,
			);
			buildRules = (
			);
			dependencies = (
				A268DA05206D3AD400C413B6 /* PBXTargetDependency */,
			);
			name = iTunesSearchTests;
			productName = iTunesSearchTests;
			productReference = A268DA03206D3AD400C413B6 /* iTunesSearchTests.xctest */;
			productType = "com.apple.product-type.bundle.unit-test";
		};
		A268DA0D206D3AD400C413B6 /* iTunesSearchUITests */ = {
			isa = PBXNativeTarget;
			buildConfigurationList = A268DA1D206D3AD400C413B6 /* Build configuration list for PBXNativeTarget "iTunesSearchUITests" */;
			buildPhases = (
				A268DA0A206D3AD400C413B6 /* Sources */,
				A268DA0B206D3AD400C413B6 /* Frameworks */,
				A268DA0C206D3AD400C413B6 /* Resources */,
			);
			buildRules = (
			);
			dependencies = (
				A268DA10206D3AD400C413B6 /* PBXTargetDependency */,
			);
			name = iTunesSearchUITests;
			productName = iTunesSearchUITests;
			productReference = A268DA0E206D3AD400C413B6 /* iTunesSearchUITests.xctest */;
			productType = "com.apple.product-type.bundle.ui-testing";
		};
/* End PBXNativeTarget section */

/* Begin PBXProject section */
		A268D9E3206D3AD400C413B6 /* Project object */ = {
			isa = PBXProject;
			attributes = {
				CLASSPREFIX = HDZ;
				LastUpgradeCheck = 0930;
				ORGANIZATIONNAME = "何东洲";
				TargetAttributes = {
					A268D9EA206D3AD400C413B6 = {
						CreatedOnToolsVersion = 9.2;
						ProvisioningStyle = Automatic;
					};
					A268DA02206D3AD400C413B6 = {
						CreatedOnToolsVersion = 9.2;
						ProvisioningStyle = Automatic;
						TestTargetID = A268D9EA206D3AD400C413B6;
					};
					A268DA0D206D3AD400C413B6 = {
						CreatedOnToolsVersion = 9.2;
						ProvisioningStyle = Automatic;
						TestTargetID = A268D9EA206D3AD400C413B6;
					};
				};
			};
			buildConfigurationList = A268D9E6206D3AD400C413B6 /* Build configuration list for PBXProject "iTunesSearch" */;
			compatibilityVersion = "Xcode 8.0";
			developmentRegion = en;
			hasScannedForEncodings = 0;
			knownRegions = (
				en,
				Base,
			);
			mainGroup = A268D9E2206D3AD400C413B6;
			productRefGroup = A268D9EC206D3AD400C413B6 /* Products */;
			projectDirPath = "";
			projectRoot = "";
			targets = (
				A268D9EA206D3AD400C413B6 /* iTunesSearch */,
				A268DA02206D3AD400C413B6 /* iTunesSearchTests */,
				A268DA0D206D3AD400C413B6 /* iTunesSearchUITests */,
			);
		};
/* End PBXProject section */

/* Begin PBXResourcesBuildPhase section */
		A268D9E9206D3AD400C413B6 /* Resources */ = {
			isa = PBXResourcesBuildPhase;
			buildActionMask = 2147483647;
			files = (
				A268D9FB206D3AD400C413B6 /* LaunchScreen.storyboard in Resources */,
				A267C885208C8958000A3C64 /* CountDownShop.plist in Resources */,
				A267C886208C8958000A3C64 /* HomeHighGoods.plist in Resources */,
				A267C884208C8958000A3C64 /* GoodsGrid.plist in Resources */,
				A2698C68208310490059FB22 /* HDZImageCollectionView.xib in Resources */,
				A211D0E2206E305C0085CEBA /* HDZNothingFoundCell.xib in Resources */,
				A2F4D07B206F68EE00AE12D3 /* LoadingCell.xib in Resources */,
				A268D9F8206D3AD400C413B6 /* Assets.xcassets in Resources */,
				A2697C342081E02E00210F6D /* HDZAttentionCell.xib in Resources */,
				A268D9F6206D3AD400C413B6 /* Main.storyboard in Resources */,
				A2698C7020831DC70059FB22 /* HDZImageCollectionCell.xib in Resources */,
				A211D0E7206E307F0085CEBA /* HDZSearchResultCell.xib in Resources */,
			);
			runOnlyForDeploymentPostprocessing = 0;
		};
		A268DA01206D3AD400C413B6 /* Resources */ = {
			isa = PBXResourcesBuildPhase;
			buildActionMask = 2147483647;
			files = (
			);
			runOnlyForDeploymentPostprocessing = 0;
		};
		A268DA0C206D3AD400C413B6 /* Resources */ = {
			isa = PBXResourcesBuildPhase;
			buildActionMask = 2147483647;
			files = (
			);
			runOnlyForDeploymentPostprocessing = 0;
		};
/* End PBXResourcesBuildPhase section */

/* Begin PBXShellScriptBuildPhase section */
		4BAB574728302F3A30ECF1D9 /* [CP] Check Pods Manifest.lock */ = {
			isa = PBXShellScriptBuildPhase;
			buildActionMask = 2147483647;
			files = (
			);
			inputPaths = (
				"${PODS_PODFILE_DIR_PATH}/Podfile.lock",
				"${PODS_ROOT}/Manifest.lock",
			);
			name = "[CP] Check Pods Manifest.lock";
			outputPaths = (
				"$(DERIVED_FILE_DIR)/Pods-iTunesSearch-checkManifestLockResult.txt",
			);
			runOnlyForDeploymentPostprocessing = 0;
			shellPath = /bin/sh;
			shellScript = "diff \"${PODS_PODFILE_DIR_PATH}/Podfile.lock\" \"${PODS_ROOT}/Manifest.lock\" > /dev/null\nif [ $? != 0 ] ; then\n    # print error to STDERR\n    echo \"error: The sandbox is not in sync with the Podfile.lock. Run 'pod install' or update your CocoaPods installation.\" >&2\n    exit 1\nfi\n# This output is used by Xcode 'outputs' to avoid re-running this script phase.\necho \"SUCCESS\" > \"${SCRIPT_OUTPUT_FILE_0}\"\n";
			showEnvVarsInLog = 0;
		};
		89FABA86ADD1CA94A62D0F8C /* [CP] Embed Pods Frameworks */ = {
			isa = PBXShellScriptBuildPhase;
			buildActionMask = 2147483647;
			files = (
			);
			inputPaths = (
				"${SRCROOT}/Pods/Target Support Files/Pods-iTunesSearch/Pods-iTunesSearch-frameworks.sh",
				"${PODS_ROOT}/Reveal-SDK/RevealServer-14/iOS/RevealServer.framework",
			);
			name = "[CP] Embed Pods Frameworks";
			outputPaths = (
				"${TARGET_BUILD_DIR}/${FRAMEWORKS_FOLDER_PATH}/RevealServer.framework",
			);
			runOnlyForDeploymentPostprocessing = 0;
			shellPath = /bin/sh;
			shellScript = "\"${SRCROOT}/Pods/Target Support Files/Pods-iTunesSearch/Pods-iTunesSearch-frameworks.sh\"\n";
			showEnvVarsInLog = 0;
		};
		E5AC76278D79F182627A050A /* [CP] Copy Pods Resources */ = {
			isa = PBXShellScriptBuildPhase;
			buildActionMask = 2147483647;
			files = (
			);
			inputPaths = (
				"${SRCROOT}/Pods/Target Support Files/Pods-iTunesSearch/Pods-iTunesSearch-resources.sh",
				"${PODS_ROOT}/SVProgressHUD/SVProgressHUD/SVProgressHUD.bundle",
			);
			name = "[CP] Copy Pods Resources";
			outputPaths = (
				"${TARGET_BUILD_DIR}/${UNLOCALIZED_RESOURCES_FOLDER_PATH}/SVProgressHUD.bundle",
			);
			runOnlyForDeploymentPostprocessing = 0;
			shellPath = /bin/sh;
			shellScript = "\"${SRCROOT}/Pods/Target Support Files/Pods-iTunesSearch/Pods-iTunesSearch-resources.sh\"\n";
			showEnvVarsInLog = 0;
		};
/* End PBXShellScriptBuildPhase section */

/* Begin PBXSourcesBuildPhase section */
		A268D9E7206D3AD400C413B6 /* Sources */ = {
			isa = PBXSourcesBuildPhase;
			buildActionMask = 2147483647;
			files = (
				A288846D207A41CE00657F99 /* HDZBounceAnimationController.m in Sources */,
				A26DF1D22085B15700EEFFA5 /* HDZIndividualController.m in Sources */,
				A274BAF3208D6B670061277B /* HDZExceedApplianceCell.m in Sources */,
				A2FC2E522074727F0017D7A6 /* HDZDimmingPresentationController.m in Sources */,
				A274BAF9208D6BC20061277B /* HDZTopLineFootView.m in Sources */,
				A274BAEA208D6A390061277B /* HDZGoodsHandheldCell.m in Sources */,
				A267C87C208C880E000A3C64 /* HDZGridItem.m in Sources */,
				A26DF1D82085B1F900EEFFA5 /* HDZAutographController.m in Sources */,
				A2843444207C64F70051B6A4 /* HDZMessageCell.m in Sources */,
				A2647B5A20808E4600B466FE /* UIView+Frame.m in Sources */,
				A2647B5720808D2A00B466FE /* HDZProductViewController.m in Sources */,
				A269DBB6207AFB0D004418A4 /* HDZSlideOutAnimationController.m in Sources */,
				A2AC7BB02073BF3700C04707 /* HDZDetailViewController.m in Sources */,
				A2698C6F20831DC70059FB22 /* HDZImageCollectionCell.m in Sources */,
				A274BAED208D6A610061277B /* HDZGoodsYouLikeCell.m in Sources */,
				A274BB05208D6D210061277B /* HDZSlideshowHeadView.m in Sources */,
				A274BAFC208D6BED0061277B /* HDZOverFootView.m in Sources */,
				A269DBF7207B273F004418A4 /* HDZSearch.m in Sources */,
				A2698C6B2083187C0059FB22 /* HDZImageCollectionLayout.m in Sources */,
				A274BAFF208D6C150061277B /* HDZScrollAdFootView.m in Sources */,
				A274BAE7208D69CF0061277B /* HDZGoodsCountDownCell.m in Sources */,
				A268D9F3206D3AD400C413B6 /* HDZSearchViewController.m in Sources */,
				A28335792091F42100343F80 /* HDZSpeedy.m in Sources */,
				A271FCCC20775A3400AE66EF /* HDZLandscapeViewController.m in Sources */,
				A26DF1D52085B19000EEFFA5 /* HDZNameController.m in Sources */,
				A2C1CEE62073297F008662FB /* UIImageView+HDZDownloadImage.m in Sources */,
				A268D9FE206D3AD400C413B6 /* main.m in Sources */,
				A2647B5420808CAC00B466FE /* HDZAttentionViewController.m in Sources */,
				A2697C2E2081C76E00210F6D /* HDZAttentionCell.m in Sources */,
				A267C889208CE9F6000A3C64 /* HDZConsts.m in Sources */,
				A2647B5D20808EA800B466FE /* HDZLifeViewController.m in Sources */,
				A24E9B59207137360060CF92 /* NSObject+YYModel.m in Sources */,
				A211D0E6206E307F0085CEBA /* HDZSearchResultCell.m in Sources */,
				A29BB559208F27E000ADECA9 /* UIColor+HDZColorTranslation.m in Sources */,
				A274BAF6208D6B7F0061277B /* HDZNewWelfareCell.m in Sources */,
				A26CF76B20765E130043395C /* HDZGradientView.m in Sources */,
				A24E9B5A207137360060CF92 /* YYClassInfo.m in Sources */,
				A268D9F0206D3AD400C413B6 /* AppDelegate.m in Sources */,
				A268DA22206D3DE400C413B6 /* HDZSearchResult.m in Sources */,
				A274BAF0208D6B3C0061277B /* HDZGoodsGridCell.m in Sources */,
				A2843441207C63920051B6A4 /* HDZMessageViewController.m in Sources */,
				A267C873208C6751000A3C64 /* HDZMallViewController.m in Sources */,
				A2698C66208310280059FB22 /* HDZImageCollectionView.m in Sources */,
				A274BB02208D6C2E0061277B /* HDZYouLikeHeadView.m in Sources */,
				A267C87F208C8863000A3C64 /* HDZRecommendItem.m in Sources */,
				A274BB08208D6D370061277B /* HDZCountDownHeadView.m in Sources */,
				A26DF1CF2085918F00EEFFA5 /* HDZMineController.m in Sources */,
				A26DF1DE2085DDFD00EEFFA5 /* HDZIndividual.m in Sources */,
			);
			runOnlyForDeploymentPostprocessing = 0;
		};
		A268D9FF206D3AD400C413B6 /* Sources */ = {
			isa = PBXSourcesBuildPhase;
			buildActionMask = 2147483647;
			files = (
				A268DA08206D3AD400C413B6 /* iTunesSearchTests.m in Sources */,
			);
			runOnlyForDeploymentPostprocessing = 0;
		};
		A268DA0A206D3AD400C413B6 /* Sources */ = {
			isa = PBXSourcesBuildPhase;
			buildActionMask = 2147483647;
			files = (
				A268DA13206D3AD400C413B6 /* iTunesSearchUITests.m in Sources */,
			);
			runOnlyForDeploymentPostprocessing = 0;
		};
/* End PBXSourcesBuildPhase section */

/* Begin PBXTargetDependency section */
		A268DA05206D3AD400C413B6 /* PBXTargetDependency */ = {
			isa = PBXTargetDependency;
			target = A268D9EA206D3AD400C413B6 /* iTunesSearch */;
			targetProxy = A268DA04206D3AD400C413B6 /* PBXContainerItemProxy */;
		};
		A268DA10206D3AD400C413B6 /* PBXTargetDependency */ = {
			isa = PBXTargetDependency;
			target = A268D9EA206D3AD400C413B6 /* iTunesSearch */;
			targetProxy = A268DA0F206D3AD400C413B6 /* PBXContainerItemProxy */;
		};
/* End PBXTargetDependency section */

/* Begin PBXVariantGroup section */
		A268D9F4206D3AD400C413B6 /* Main.storyboard */ = {
			isa = PBXVariantGroup;
			children = (
				A268D9F5206D3AD400C413B6 /* Base */,
			);
			name = Main.storyboard;
			sourceTree = "<group>";
		};
		A268D9F9206D3AD400C413B6 /* LaunchScreen.storyboard */ = {
			isa = PBXVariantGroup;
			children = (
				A268D9FA206D3AD400C413B6 /* Base */,
			);
			name = LaunchScreen.storyboard;
			sourceTree = "<group>";
		};
/* End PBXVariantGroup section */

/* Begin XCBuildConfiguration section */
		A268DA15206D3AD400C413B6 /* Debug */ = {
			isa = XCBuildConfiguration;
			buildSettings = {
				ALWAYS_SEARCH_USER_PATHS = NO;
				CLANG_ANALYZER_NONNULL = YES;
				CLANG_ANALYZER_NUMBER_OBJECT_CONVERSION = YES_AGGRESSIVE;
				CLANG_CXX_LANGUAGE_STANDARD = "gnu++14";
				CLANG_CXX_LIBRARY = "libc++";
				CLANG_ENABLE_MODULES = YES;
				CLANG_ENABLE_OBJC_ARC = YES;
				CLANG_WARN_BLOCK_CAPTURE_AUTORELEASING = YES;
				CLANG_WARN_BOOL_CONVERSION = YES;
				CLANG_WARN_COMMA = YES;
				CLANG_WARN_CONSTANT_CONVERSION = YES;
				CLANG_WARN_DEPRECATED_OBJC_IMPLEMENTATIONS = YES;
				CLANG_WARN_DIRECT_OBJC_ISA_USAGE = YES_ERROR;
				CLANG_WARN_DOCUMENTATION_COMMENTS = YES;
				CLANG_WARN_EMPTY_BODY = YES;
				CLANG_WARN_ENUM_CONVERSION = YES;
				CLANG_WARN_INFINITE_RECURSION = YES;
				CLANG_WARN_INT_CONVERSION = YES;
				CLANG_WARN_NON_LITERAL_NULL_CONVERSION = YES;
				CLANG_WARN_OBJC_IMPLICIT_RETAIN_SELF = YES;
				CLANG_WARN_OBJC_LITERAL_CONVERSION = YES;
				CLANG_WARN_OBJC_ROOT_CLASS = YES_ERROR;
				CLANG_WARN_RANGE_LOOP_ANALYSIS = YES;
				CLANG_WARN_STRICT_PROTOTYPES = YES;
				CLANG_WARN_SUSPICIOUS_MOVE = YES;
				CLANG_WARN_UNGUARDED_AVAILABILITY = YES_AGGRESSIVE;
				CLANG_WARN_UNREACHABLE_CODE = YES;
				CLANG_WARN__DUPLICATE_METHOD_MATCH = YES;
				CODE_SIGN_IDENTITY = "iPhone Developer";
				COPY_PHASE_STRIP = NO;
				DEBUG_INFORMATION_FORMAT = dwarf;
				ENABLE_STRICT_OBJC_MSGSEND = YES;
				ENABLE_TESTABILITY = YES;
				GCC_C_LANGUAGE_STANDARD = gnu11;
				GCC_DYNAMIC_NO_PIC = NO;
				GCC_NO_COMMON_BLOCKS = YES;
				GCC_OPTIMIZATION_LEVEL = 0;
				GCC_PREPROCESSOR_DEFINITIONS = (
					"DEBUG=1",
					"$(inherited)",
				);
				GCC_WARN_64_TO_32_BIT_CONVERSION = YES;
				GCC_WARN_ABOUT_RETURN_TYPE = YES_ERROR;
				GCC_WARN_UNDECLARED_SELECTOR = YES;
				GCC_WARN_UNINITIALIZED_AUTOS = YES_AGGRESSIVE;
				GCC_WARN_UNUSED_FUNCTION = YES;
				GCC_WARN_UNUSED_VARIABLE = YES;
				IPHONEOS_DEPLOYMENT_TARGET = 11.2;
				MTL_ENABLE_DEBUG_INFO = YES;
				ONLY_ACTIVE_ARCH = YES;
				SDKROOT = iphoneos;
			};
			name = Debug;
		};
		A268DA16206D3AD400C413B6 /* Release */ = {
			isa = XCBuildConfiguration;
			buildSettings = {
				ALWAYS_SEARCH_USER_PATHS = NO;
				CLANG_ANALYZER_NONNULL = YES;
				CLANG_ANALYZER_NUMBER_OBJECT_CONVERSION = YES_AGGRESSIVE;
				CLANG_CXX_LANGUAGE_STANDARD = "gnu++14";
				CLANG_CXX_LIBRARY = "libc++";
				CLANG_ENABLE_MODULES = YES;
				CLANG_ENABLE_OBJC_ARC = YES;
				CLANG_WARN_BLOCK_CAPTURE_AUTORELEASING = YES;
				CLANG_WARN_BOOL_CONVERSION = YES;
				CLANG_WARN_COMMA = YES;
				CLANG_WARN_CONSTANT_CONVERSION = YES;
				CLANG_WARN_DEPRECATED_OBJC_IMPLEMENTATIONS = YES;
				CLANG_WARN_DIRECT_OBJC_ISA_USAGE = YES_ERROR;
				CLANG_WARN_DOCUMENTATION_COMMENTS = YES;
				CLANG_WARN_EMPTY_BODY = YES;
				CLANG_WARN_ENUM_CONVERSION = YES;
				CLANG_WARN_INFINITE_RECURSION = YES;
				CLANG_WARN_INT_CONVERSION = YES;
				CLANG_WARN_NON_LITERAL_NULL_CONVERSION = YES;
				CLANG_WARN_OBJC_IMPLICIT_RETAIN_SELF = YES;
				CLANG_WARN_OBJC_LITERAL_CONVERSION = YES;
				CLANG_WARN_OBJC_ROOT_CLASS = YES_ERROR;
				CLANG_WARN_RANGE_LOOP_ANALYSIS = YES;
				CLANG_WARN_STRICT_PROTOTYPES = YES;
				CLANG_WARN_SUSPICIOUS_MOVE = YES;
				CLANG_WARN_UNGUARDED_AVAILABILITY = YES_AGGRESSIVE;
				CLANG_WARN_UNREACHABLE_CODE = YES;
				CLANG_WARN__DUPLICATE_METHOD_MATCH = YES;
				CODE_SIGN_IDENTITY = "iPhone Developer";
				COPY_PHASE_STRIP = NO;
				DEBUG_INFORMATION_FORMAT = "dwarf-with-dsym";
				ENABLE_NS_ASSERTIONS = NO;
				ENABLE_STRICT_OBJC_MSGSEND = YES;
				GCC_C_LANGUAGE_STANDARD = gnu11;
				GCC_NO_COMMON_BLOCKS = YES;
				GCC_WARN_64_TO_32_BIT_CONVERSION = YES;
				GCC_WARN_ABOUT_RETURN_TYPE = YES_ERROR;
				GCC_WARN_UNDECLARED_SELECTOR = YES;
				GCC_WARN_UNINITIALIZED_AUTOS = YES_AGGRESSIVE;
				GCC_WARN_UNUSED_FUNCTION = YES;
				GCC_WARN_UNUSED_VARIABLE = YES;
				IPHONEOS_DEPLOYMENT_TARGET = 11.2;
				MTL_ENABLE_DEBUG_INFO = NO;
				SDKROOT = iphoneos;
				VALIDATE_PRODUCT = YES;
			};
			name = Release;
		};
		A268DA18206D3AD400C413B6 /* Debug */ = {
			isa = XCBuildConfiguration;
			baseConfigurationReference = 8E7E5437038780DDA45ADF63 /* Pods-iTunesSearch.debug.xcconfig */;
			buildSettings = {
				ASSETCATALOG_COMPILER_APPICON_NAME = AppIcon;
				CODE_SIGN_STYLE = Automatic;
				DEVELOPMENT_TEAM = 7WH73Q766U;
				GCC_PRECOMPILE_PREFIX_HEADER = NO;
				GCC_PREFIX_HEADER = iTunesSearch/PrefixHeader.pch;
				INFOPLIST_FILE = iTunesSearch/Info.plist;
				LD_RUNPATH_SEARCH_PATHS = "$(inherited) @executable_path/Frameworks";
				PRODUCT_BUNDLE_IDENTIFIER = com.bignerdranch.iTunesSearch;
				PRODUCT_NAME = "$(TARGET_NAME)";
				TARGETED_DEVICE_FAMILY = "1,2";
			};
			name = Debug;
		};
		A268DA19206D3AD400C413B6 /* Release */ = {
			isa = XCBuildConfiguration;
			baseConfigurationReference = 1DF9CC66F2DD9758DD546A99 /* Pods-iTunesSearch.release.xcconfig */;
			buildSettings = {
				ASSETCATALOG_COMPILER_APPICON_NAME = AppIcon;
				CODE_SIGN_STYLE = Automatic;
				DEVELOPMENT_TEAM = 7WH73Q766U;
				GCC_PRECOMPILE_PREFIX_HEADER = NO;
				GCC_PREFIX_HEADER = iTunesSearch/PrefixHeader.pch;
				INFOPLIST_FILE = iTunesSearch/Info.plist;
				LD_RUNPATH_SEARCH_PATHS = "$(inherited) @executable_path/Frameworks";
				PRODUCT_BUNDLE_IDENTIFIER = com.bignerdranch.iTunesSearch;
				PRODUCT_NAME = "$(TARGET_NAME)";
				TARGETED_DEVICE_FAMILY = "1,2";
			};
			name = Release;
		};
		A268DA1B206D3AD400C413B6 /* Debug */ = {
			isa = XCBuildConfiguration;
			buildSettings = {
				BUNDLE_LOADER = "$(TEST_HOST)";
				CODE_SIGN_STYLE = Automatic;
				DEVELOPMENT_TEAM = 7WH73Q766U;
				INFOPLIST_FILE = iTunesSearchTests/Info.plist;
				LD_RUNPATH_SEARCH_PATHS = "$(inherited) @executable_path/Frameworks @loader_path/Frameworks";
				PRODUCT_BUNDLE_IDENTIFIER = com.bignerdranch.iTunesSearchTests;
				PRODUCT_NAME = "$(TARGET_NAME)";
				TARGETED_DEVICE_FAMILY = "1,2";
				TEST_HOST = "$(BUILT_PRODUCTS_DIR)/iTunesSearch.app/iTunesSearch";
			};
			name = Debug;
		};
		A268DA1C206D3AD400C413B6 /* Release */ = {
			isa = XCBuildConfiguration;
			buildSettings = {
				BUNDLE_LOADER = "$(TEST_HOST)";
				CODE_SIGN_STYLE = Automatic;
				DEVELOPMENT_TEAM = 7WH73Q766U;
				INFOPLIST_FILE = iTunesSearchTests/Info.plist;
				LD_RUNPATH_SEARCH_PATHS = "$(inherited) @executable_path/Frameworks @loader_path/Frameworks";
				PRODUCT_BUNDLE_IDENTIFIER = com.bignerdranch.iTunesSearchTests;
				PRODUCT_NAME = "$(TARGET_NAME)";
				TARGETED_DEVICE_FAMILY = "1,2";
				TEST_HOST = "$(BUILT_PRODUCTS_DIR)/iTunesSearch.app/iTunesSearch";
			};
			name = Release;
		};
		A268DA1E206D3AD400C413B6 /* Debug */ = {
			isa = XCBuildConfiguration;
			buildSettings = {
				CODE_SIGN_STYLE = Automatic;
				DEVELOPMENT_TEAM = 7WH73Q766U;
				INFOPLIST_FILE = iTunesSearchUITests/Info.plist;
				LD_RUNPATH_SEARCH_PATHS = "$(inherited) @executable_path/Frameworks @loader_path/Frameworks";
				PRODUCT_BUNDLE_IDENTIFIER = com.bignerdranch.iTunesSearchUITests;
				PRODUCT_NAME = "$(TARGET_NAME)";
				TARGETED_DEVICE_FAMILY = "1,2";
				TEST_TARGET_NAME = iTunesSearch;
			};
			name = Debug;
		};
		A268DA1F206D3AD400C413B6 /* Release */ = {
			isa = XCBuildConfiguration;
			buildSettings = {
				CODE_SIGN_STYLE = Automatic;
				DEVELOPMENT_TEAM = 7WH73Q766U;
				INFOPLIST_FILE = iTunesSearchUITests/Info.plist;
				LD_RUNPATH_SEARCH_PATHS = "$(inherited) @executable_path/Frameworks @loader_path/Frameworks";
				PRODUCT_BUNDLE_IDENTIFIER = com.bignerdranch.iTunesSearchUITests;
				PRODUCT_NAME = "$(TARGET_NAME)";
				TARGETED_DEVICE_FAMILY = "1,2";
				TEST_TARGET_NAME = iTunesSearch;
			};
			name = Release;
		};
/* End XCBuildConfiguration section */

/* Begin XCConfigurationList section */
		A268D9E6206D3AD400C413B6 /* Build configuration list for PBXProject "iTunesSearch" */ = {
			isa = XCConfigurationList;
			buildConfigurations = (
				A268DA15206D3AD400C413B6 /* Debug */,
				A268DA16206D3AD400C413B6 /* Release */,
			);
			defaultConfigurationIsVisible = 0;
			defaultConfigurationName = Release;
		};
		A268DA17206D3AD400C413B6 /* Build configuration list for PBXNativeTarget "iTunesSearch" */ = {
			isa = XCConfigurationList;
			buildConfigurations = (
				A268DA18206D3AD400C413B6 /* Debug */,
				A268DA19206D3AD400C413B6 /* Release */,
			);
			defaultConfigurationIsVisible = 0;
			defaultConfigurationName = Release;
		};
		A268DA1A206D3AD400C413B6 /* Build configuration list for PBXNativeTarget "iTunesSearchTests" */ = {
			isa = XCConfigurationList;
			buildConfigurations = (
				A268DA1B206D3AD400C413B6 /* Debug */,
				A268DA1C206D3AD400C413B6 /* Release */,
			);
			defaultConfigurationIsVisible = 0;
			defaultConfigurationName = Release;
		};
		A268DA1D206D3AD400C413B6 /* Build configuration list for PBXNativeTarget "iTunesSearchUITests" */ = {
			isa = XCConfigurationList;
			buildConfigurations = (
				A268DA1E206D3AD400C413B6 /* Debug */,
				A268DA1F206D3AD400C413B6 /* Release */,
			);
			defaultConfigurationIsVisible = 0;
			defaultConfigurationName = Release;
		};
/* End XCConfigurationList section */
	};
	rootObject = A268D9E3206D3AD400C413B6 /* Project object */;
}
