// !$*UTF8*$!
{
	archiveVersion = 1;
	classes = {
	};
	objectVersion = 48;
	objects = {

/* Begin PBXBuildFile section */
		A211D0E2206E305C0085CEBA /* HDZNothingFoundCell.xib in Resources */ = {isa = PBXBuildFile; fileRef = A211D0E1206E305C0085CEBA /* HDZNothingFoundCell.xib */; };
		A211D0E6206E307F0085CEBA /* HDZSearchResultCell.m in Sources */ = {isa = PBXBuildFile; fileRef = A211D0E4206E307F0085CEBA /* HDZSearchResultCell.m */; };
		A211D0E7206E307F0085CEBA /* HDZSearchResultCell.xib in Resources */ = {isa = PBXBuildFile; fileRef = A211D0E5206E307F0085CEBA /* HDZSearchResultCell.xib */; };
		A24E9B59207137360060CF92 /* NSObject+YYModel.m in Sources */ = {isa = PBXBuildFile; fileRef = A24E9B55207137360060CF92 /* NSObject+YYModel.m */; };
		A24E9B5A207137360060CF92 /* YYClassInfo.m in Sources */ = {isa = PBXBuildFile; fileRef = A24E9B57207137360060CF92 /* YYClassInfo.m */; };
		A268D9F0206D3AD400C413B6 /* AppDelegate.m in Sources */ = {isa = PBXBuildFile; fileRef = A268D9EF206D3AD400C413B6 /* AppDelegate.m */; };
		A268D9F3206D3AD400C413B6 /* HDZSearchViewController.m in Sources */ = {isa = PBXBuildFile; fileRef = A268D9F2206D3AD400C413B6 /* HDZSearchViewController.m */; };
		A268D9F6206D3AD400C413B6 /* Main.storyboard in Resources */ = {isa = PBXBuildFile; fileRef = A268D9F4206D3AD400C413B6 /* Main.storyboard */; };
		A268D9F8206D3AD400C413B6 /* Assets.xcassets in Resources */ = {isa = PBXBuildFile; fileRef = A268D9F7206D3AD400C413B6 /* Assets.xcassets */; };
		A268D9FB206D3AD400C413B6 /* LaunchScreen.storyboard in Resources */ = {isa = PBXBuildFile; fileRef = A268D9F9206D3AD400C413B6 /* LaunchScreen.storyboard */; };
		A268D9FE206D3AD400C413B6 /* main.m in Sources */ = {isa = PBXBuildFile; fileRef = A268D9FD206D3AD400C413B6 /* main.m */; };
		A268DA08206D3AD400C413B6 /* iTunesSearchTests.m in Sources */ = {isa = PBXBuildFile; fileRef = A268DA07206D3AD400C413B6 /* iTunesSearchTests.m */; };
		A268DA13206D3AD400C413B6 /* iTunesSearchUITests.m in Sources */ = {isa = PBXBuildFile; fileRef = A268DA12206D3AD400C413B6 /* iTunesSearchUITests.m */; };
		A268DA22206D3DE400C413B6 /* HDZSearchResult.m in Sources */ = {isa = PBXBuildFile; fileRef = A268DA21206D3DE400C413B6 /* HDZSearchResult.m */; };
		A2C1CEE62073297F008662FB /* UIImageView+HDZDownloadImage.m in Sources */ = {isa = PBXBuildFile; fileRef = A2C1CEE52073297F008662FB /* UIImageView+HDZDownloadImage.m */; };
		A2F4D07B206F68EE00AE12D3 /* LoadingCell.xib in Resources */ = {isa = PBXBuildFile; fileRef = A2F4D07A206F68EE00AE12D3 /* LoadingCell.xib */; };
/* End PBXBuildFile section */

/* Begin PBXContainerItemProxy section */
		A268DA04206D3AD400C413B6 /* PBXContainerItemProxy */ = {
			isa = PBXContainerItemProxy;
			containerPortal = A268D9E3206D3AD400C413B6 /* Project object */;
			proxyType = 1;
			remoteGlobalIDString = A268D9EA206D3AD400C413B6;
			remoteInfo = iTunesSearch;
		};
		A268DA0F206D3AD400C413B6 /* PBXContainerItemProxy */ = {
			isa = PBXContainerItemProxy;
			containerPortal = A268D9E3206D3AD400C413B6 /* Project object */;
			proxyType = 1;
			remoteGlobalIDString = A268D9EA206D3AD400C413B6;
			remoteInfo = iTunesSearch;
		};
/* End PBXContainerItemProxy section */

/* Begin PBXFileReference section */
		A211D0E1206E305C0085CEBA /* HDZNothingFoundCell.xib */ = {isa = PBXFileReference; lastKnownFileType = file.xib; path = HDZNothingFoundCell.xib; sourceTree = "<group>"; };
		A211D0E3206E307F0085CEBA /* HDZSearchResultCell.h */ = {isa = PBXFileReference; lastKnownFileType = sourcecode.c.h; path = HDZSearchResultCell.h; sourceTree = "<group>"; };
		A211D0E4206E307F0085CEBA /* HDZSearchResultCell.m */ = {isa = PBXFileReference; lastKnownFileType = sourcecode.c.objc; path = HDZSearchResultCell.m; sourceTree = "<group>"; };
		A211D0E5206E307F0085CEBA /* HDZSearchResultCell.xib */ = {isa = PBXFileReference; lastKnownFileType = file.xib; path = HDZSearchResultCell.xib; sourceTree = "<group>"; };
		A24E9B54207137360060CF92 /* NSObject+YYModel.h */ = {isa = PBXFileReference; fileEncoding = 4; lastKnownFileType = sourcecode.c.h; path = "NSObject+YYModel.h"; sourceTree = "<group>"; };
		A24E9B55207137360060CF92 /* NSObject+YYModel.m */ = {isa = PBXFileReference; fileEncoding = 4; lastKnownFileType = sourcecode.c.objc; path = "NSObject+YYModel.m"; sourceTree = "<group>"; };
		A24E9B56207137360060CF92 /* YYClassInfo.h */ = {isa = PBXFileReference; fileEncoding = 4; lastKnownFileType = sourcecode.c.h; path = YYClassInfo.h; sourceTree = "<group>"; };
		A24E9B57207137360060CF92 /* YYClassInfo.m */ = {isa = PBXFileReference; fileEncoding = 4; lastKnownFileType = sourcecode.c.objc; path = YYClassInfo.m; sourceTree = "<group>"; };
		A24E9B58207137360060CF92 /* YYModel.h */ = {isa = PBXFileReference; fileEncoding = 4; lastKnownFileType = sourcecode.c.h; path = YYModel.h; sourceTree = "<group>"; };
		A268D9EB206D3AD400C413B6 /* iTunesSearch.app */ = {isa = PBXFileReference; explicitFileType = wrapper.application; includeInIndex = 0; path = iTunesSearch.app; sourceTree = BUILT_PRODUCTS_DIR; };
		A268D9EE206D3AD400C413B6 /* AppDelegate.h */ = {isa = PBXFileReference; lastKnownFileType = sourcecode.c.h; path = AppDelegate.h; sourceTree = "<group>"; };
		A268D9EF206D3AD400C413B6 /* AppDelegate.m */ = {isa = PBXFileReference; lastKnownFileType = sourcecode.c.objc; path = AppDelegate.m; sourceTree = "<group>"; };
		A268D9F1206D3AD400C413B6 /* HDZSearchViewController.h */ = {isa = PBXFileReference; lastKnownFileType = sourcecode.c.h; path = HDZSearchViewController.h; sourceTree = "<group>"; };
		A268D9F2206D3AD400C413B6 /* HDZSearchViewController.m */ = {isa = PBXFileReference; lastKnownFileType = sourcecode.c.objc; path = HDZSearchViewController.m; sourceTree = "<group>"; };
		A268D9F5206D3AD400C413B6 /* Base */ = {isa = PBXFileReference; lastKnownFileType = file.storyboard; name = Base; path = Base.lproj/Main.storyboard; sourceTree = "<group>"; };
		A268D9F7206D3AD400C413B6 /* Assets.xcassets */ = {isa = PBXFileReference; lastKnownFileType = folder.assetcatalog; path = Assets.xcassets; sourceTree = "<group>"; };
		A268D9FA206D3AD400C413B6 /* Base */ = {isa = PBXFileReference; lastKnownFileType = file.storyboard; name = Base; path = Base.lproj/LaunchScreen.storyboard; sourceTree = "<group>"; };
		A268D9FC206D3AD400C413B6 /* Info.plist */ = {isa = PBXFileReference; lastKnownFileType = text.plist.xml; path = Info.plist; sourceTree = "<group>"; };
		A268D9FD206D3AD400C413B6 /* main.m */ = {isa = PBXFileReference; lastKnownFileType = sourcecode.c.objc; path = main.m; sourceTree = "<group>"; };
		A268DA03206D3AD400C413B6 /* iTunesSearchTests.xctest */ = {isa = PBXFileReference; explicitFileType = wrapper.cfbundle; includeInIndex = 0; path = iTunesSearchTests.xctest; sourceTree = BUILT_PRODUCTS_DIR; };
		A268DA07206D3AD400C413B6 /* iTunesSearchTests.m */ = {isa = PBXFileReference; lastKnownFileType = sourcecode.c.objc; path = iTunesSearchTests.m; sourceTree = "<group>"; };
		A268DA09206D3AD400C413B6 /* Info.plist */ = {isa = PBXFileReference; lastKnownFileType = text.plist.xml; path = Info.plist; sourceTree = "<group>"; };
		A268DA0E206D3AD400C413B6 /* iTunesSearchUITests.xctest */ = {isa = PBXFileReference; explicitFileType = wrapper.cfbundle; includeInIndex = 0; path = iTunesSearchUITests.xctest; sourceTree = BUILT_PRODUCTS_DIR; };
		A268DA12206D3AD400C413B6 /* iTunesSearchUITests.m */ = {isa = PBXFileReference; lastKnownFileType = sourcecode.c.objc; path = iTunesSearchUITests.m; sourceTree = "<group>"; };
		A268DA14206D3AD400C413B6 /* Info.plist */ = {isa = PBXFileReference; lastKnownFileType = text.plist.xml; path = Info.plist; sourceTree = "<group>"; };
		A268DA20206D3DE400C413B6 /* HDZSearchResult.h */ = {isa = PBXFileReference; lastKnownFileType = sourcecode.c.h; path = HDZSearchResult.h; sourceTree = "<group>"; };
		A268DA21206D3DE400C413B6 /* HDZSearchResult.m */ = {isa = PBXFileReference; lastKnownFileType = sourcecode.c.objc; path = HDZSearchResult.m; sourceTree = "<group>"; };
		A2C1CEE42073297F008662FB /* UIImageView+HDZDownloadImage.h */ = {isa = PBXFileReference; lastKnownFileType = sourcecode.c.h; path = "UIImageView+HDZDownloadImage.h"; sourceTree = "<group>"; };
		A2C1CEE52073297F008662FB /* UIImageView+HDZDownloadImage.m */ = {isa = PBXFileReference; lastKnownFileType = sourcecode.c.objc; path = "UIImageView+HDZDownloadImage.m"; sourceTree = "<group>"; };
		A2F4D07A206F68EE00AE12D3 /* LoadingCell.xib */ = {isa = PBXFileReference; lastKnownFileType = file.xib; path = LoadingCell.xib; sourceTree = "<group>"; };
/* End PBXFileReference section */

/* Begin PBXFrameworksBuildPhase section */
		A268D9E8206D3AD400C413B6 /* Frameworks */ = {
			isa = PBXFrameworksBuildPhase;
			buildActionMask = 2147483647;
			files = (
			);
			runOnlyForDeploymentPostprocessing = 0;
		};
		A268DA00206D3AD400C413B6 /* Frameworks */ = {
			isa = PBXFrameworksBuildPhase;
			buildActionMask = 2147483647;
			files = (
			);
			runOnlyForDeploymentPostprocessing = 0;
		};
		A268DA0B206D3AD400C413B6 /* Frameworks */ = {
			isa = PBXFrameworksBuildPhase;
			buildActionMask = 2147483647;
			files = (
			);
			runOnlyForDeploymentPostprocessing = 0;
		};
/* End PBXFrameworksBuildPhase section */

/* Begin PBXGroup section */
		A24E9B53207137360060CF92 /* YYModel */ = {
			isa = PBXGroup;
			children = (
				A24E9B54207137360060CF92 /* NSObject+YYModel.h */,
				A24E9B55207137360060CF92 /* NSObject+YYModel.m */,
				A24E9B56207137360060CF92 /* YYClassInfo.h */,
				A24E9B57207137360060CF92 /* YYClassInfo.m */,
				A24E9B58207137360060CF92 /* YYModel.h */,
			);
			path = YYModel;
			sourceTree = "<group>";
		};
		A268D9E2206D3AD400C413B6 = {
			isa = PBXGroup;
			children = (
				A268D9ED206D3AD400C413B6 /* iTunesSearch */,
				A268DA06206D3AD400C413B6 /* iTunesSearchTests */,
				A268DA11206D3AD400C413B6 /* iTunesSearchUITests */,
				A268D9EC206D3AD400C413B6 /* Products */,
			);
			sourceTree = "<group>";
			usesTabs = 0;
		};
		A268D9EC206D3AD400C413B6 /* Products */ = {
			isa = PBXGroup;
			children = (
				A268D9EB206D3AD400C413B6 /* iTunesSearch.app */,
				A268DA03206D3AD400C413B6 /* iTunesSearchTests.xctest */,
				A268DA0E206D3AD400C413B6 /* iTunesSearchUITests.xctest */,
			);
			name = Products;
			sourceTree = "<group>";
		};
		A268D9ED206D3AD400C413B6 /* iTunesSearch */ = {
			isa = PBXGroup;
			children = (
				A24E9B53207137360060CF92 /* YYModel */,
				A268D9EE206D3AD400C413B6 /* AppDelegate.h */,
				A268D9EF206D3AD400C413B6 /* AppDelegate.m */,
				A268D9F1206D3AD400C413B6 /* HDZSearchViewController.h */,
				A268D9F2206D3AD400C413B6 /* HDZSearchViewController.m */,
				A211D0E3206E307F0085CEBA /* HDZSearchResultCell.h */,
				A211D0E4206E307F0085CEBA /* HDZSearchResultCell.m */,
				A2C1CEE42073297F008662FB /* UIImageView+HDZDownloadImage.h */,
				A2C1CEE52073297F008662FB /* UIImageView+HDZDownloadImage.m */,
				A211D0E5206E307F0085CEBA /* HDZSearchResultCell.xib */,
				A211D0E1206E305C0085CEBA /* HDZNothingFoundCell.xib */,
				A2F4D07A206F68EE00AE12D3 /* LoadingCell.xib */,
				A268D9F4206D3AD400C413B6 /* Main.storyboard */,
				A268DA20206D3DE400C413B6 /* HDZSearchResult.h */,
				A268DA21206D3DE400C413B6 /* HDZSearchResult.m */,
				A268D9F7206D3AD400C413B6 /* Assets.xcassets */,
				A268D9F9206D3AD400C413B6 /* LaunchScreen.storyboard */,
				A268D9FC206D3AD400C413B6 /* Info.plist */,
				A268D9FD206D3AD400C413B6 /* main.m */,
			);
			path = iTunesSearch;
			sourceTree = "<group>";
		};
		A268DA06206D3AD400C413B6 /* iTunesSearchTests */ = {
			isa = PBXGroup;
			children = (
				A268DA07206D3AD400C413B6 /* iTunesSearchTests.m */,
				A268DA09206D3AD400C413B6 /* Info.plist */,
			);
			path = iTunesSearchTests;
			sourceTree = "<group>";
		};
		A268DA11206D3AD400C413B6 /* iTunesSearchUITests */ = {
			isa = PBXGroup;
			children = (
				A268DA12206D3AD400C413B6 /* iTunesSearchUITests.m */,
				A268DA14206D3AD400C413B6 /* Info.plist */,
			);
			path = iTunesSearchUITests;
			sourceTree = "<group>";
		};
/* End PBXGroup section */

/* Begin PBXNativeTarget section */
		A268D9EA206D3AD400C413B6 /* iTunesSearch */ = {
			isa = PBXNativeTarget;
			buildConfigurationList = A268DA17206D3AD400C413B6 /* Build configuration list for PBXNativeTarget "iTunesSearch" */;
			buildPhases = (
				A268D9E7206D3AD400C413B6 /* Sources */,
				A268D9E8206D3AD400C413B6 /* Frameworks */,
				A268D9E9206D3AD400C413B6 /* Resources */,
			);
			buildRules = (
			);
			dependencies = (
			);
			name = iTunesSearch;
			productName = iTunesSearch;
			productReference = A268D9EB206D3AD400C413B6 /* iTunesSearch.app */;
			productType = "com.apple.product-type.application";
		};
		A268DA02206D3AD400C413B6 /* iTunesSearchTests */ = {
			isa = PBXNativeTarget;
			buildConfigurationList = A268DA1A206D3AD400C413B6 /* Build configuration list for PBXNativeTarget "iTunesSearchTests" */;
			buildPhases = (
				A268D9FF206D3AD400C413B6 /* Sources */,
				A268DA00206D3AD400C413B6 /* Frameworks */,
				A268DA01206D3AD400C413B6 /* Resources */,
			);
			buildRules = (
			);
			dependencies = (
				A268DA05206D3AD400C413B6 /* PBXTargetDependency */,
			);
			name = iTunesSearchTests;
			productName = iTunesSearchTests;
			productReference = A268DA03206D3AD400C413B6 /* iTunesSearchTests.xctest */;
			productType = "com.apple.product-type.bundle.unit-test";
		};
		A268DA0D206D3AD400C413B6 /* iTunesSearchUITests */ = {
			isa = PBXNativeTarget;
			buildConfigurationList = A268DA1D206D3AD400C413B6 /* Build configuration list for PBXNativeTarget "iTunesSearchUITests" */;
			buildPhases = (
				A268DA0A206D3AD400C413B6 /* Sources */,
				A268DA0B206D3AD400C413B6 /* Frameworks */,
				A268DA0C206D3AD400C413B6 /* Resources */,
			);
			buildRules = (
			);
			dependencies = (
				A268DA10206D3AD400C413B6 /* PBXTargetDependency */,
			);
			name = iTunesSearchUITests;
			productName = iTunesSearchUITests;
			productReference = A268DA0E206D3AD400C413B6 /* iTunesSearchUITests.xctest */;
			productType = "com.apple.product-type.bundle.ui-testing";
		};
/* End PBXNativeTarget section */

/* Begin PBXProject section */
		A268D9E3206D3AD400C413B6 /* Project object */ = {
			isa = PBXProject;
			attributes = {
				CLASSPREFIX = HDZ;
				LastUpgradeCheck = 0920;
				ORGANIZATIONNAME = "何东洲";
				TargetAttributes = {
					A268D9EA206D3AD400C413B6 = {
						CreatedOnToolsVersion = 9.2;
						ProvisioningStyle = Automatic;
					};
					A268DA02206D3AD400C413B6 = {
						CreatedOnToolsVersion = 9.2;
						ProvisioningStyle = Automatic;
						TestTargetID = A268D9EA206D3AD400C413B6;
					};
					A268DA0D206D3AD400C413B6 = {
						CreatedOnToolsVersion = 9.2;
						ProvisioningStyle = Automatic;
						TestTargetID = A268D9EA206D3AD400C413B6;
					};
				};
			};
			buildConfigurationList = A268D9E6206D3AD400C413B6 /* Build configuration list for PBXProject "iTunesSearch" */;
			compatibilityVersion = "Xcode 8.0";
			developmentRegion = en;
			hasScannedForEncodings = 0;
			knownRegions = (
				en,
				Base,
			);
			mainGroup = A268D9E2206D3AD400C413B6;
			productRefGroup = A268D9EC206D3AD400C413B6 /* Products */;
			projectDirPath = "";
			projectRoot = "";
			targets = (
				A268D9EA206D3AD400C413B6 /* iTunesSearch */,
				A268DA02206D3AD400C413B6 /* iTunesSearchTests */,
				A268DA0D206D3AD400C413B6 /* iTunesSearchUITests */,
			);
		};
/* End PBXProject section */

/* Begin PBXResourcesBuildPhase section */
		A268D9E9206D3AD400C413B6 /* Resources */ = {
			isa = PBXResourcesBuildPhase;
			buildActionMask = 2147483647;
			files = (
				A268D9FB206D3AD400C413B6 /* LaunchScreen.storyboard in Resources */,
				A211D0E2206E305C0085CEBA /* HDZNothingFoundCell.xib in Resources */,
				A2F4D07B206F68EE00AE12D3 /* LoadingCell.xib in Resources */,
				A268D9F8206D3AD400C413B6 /* Assets.xcassets in Resources */,
				A268D9F6206D3AD400C413B6 /* Main.storyboard in Resources */,
				A211D0E7206E307F0085CEBA /* HDZSearchResultCell.xib in Resources */,
			);
			runOnlyForDeploymentPostprocessing = 0;
		};
		A268DA01206D3AD400C413B6 /* Resources */ = {
			isa = PBXResourcesBuildPhase;
			buildActionMask = 2147483647;
			files = (
			);
			runOnlyForDeploymentPostprocessing = 0;
		};
		A268DA0C206D3AD400C413B6 /* Resources */ = {
			isa = PBXResourcesBuildPhase;
			buildActionMask = 2147483647;
			files = (
			);
			runOnlyForDeploymentPostprocessing = 0;
		};
/* End PBXResourcesBuildPhase section */

/* Begin PBXSourcesBuildPhase section */
		A268D9E7206D3AD400C413B6 /* Sources */ = {
			isa = PBXSourcesBuildPhase;
			buildActionMask = 2147483647;
			files = (
				A268D9F3206D3AD400C413B6 /* HDZSearchViewController.m in Sources */,
				A2C1CEE62073297F008662FB /* UIImageView+HDZDownloadImage.m in Sources */,
				A268D9FE206D3AD400C413B6 /* main.m in Sources */,
				A24E9B59207137360060CF92 /* NSObject+YYModel.m in Sources */,
				A211D0E6206E307F0085CEBA /* HDZSearchResultCell.m in Sources */,
				A24E9B5A207137360060CF92 /* YYClassInfo.m in Sources */,
				A268D9F0206D3AD400C413B6 /* AppDelegate.m in Sources */,
				A268DA22206D3DE400C413B6 /* HDZSearchResult.m in Sources */,
			);
			runOnlyForDeploymentPostprocessing = 0;
		};
		A268D9FF206D3AD400C413B6 /* Sources */ = {
			isa = PBXSourcesBuildPhase;
			buildActionMask = 2147483647;
			files = (
				A268DA08206D3AD400C413B6 /* iTunesSearchTests.m in Sources */,
			);
			runOnlyForDeploymentPostprocessing = 0;
		};
		A268DA0A206D3AD400C413B6 /* Sources */ = {
			isa = PBXSourcesBuildPhase;
			buildActionMask = 2147483647;
			files = (
				A268DA13206D3AD400C413B6 /* iTunesSearchUITests.m in Sources */,
			);
			runOnlyForDeploymentPostprocessing = 0;
		};
/* End PBXSourcesBuildPhase section */

/* Begin PBXTargetDependency section */
		A268DA05206D3AD400C413B6 /* PBXTargetDependency */ = {
			isa = PBXTargetDependency;
			target = A268D9EA206D3AD400C413B6 /* iTunesSearch */;
			targetProxy = A268DA04206D3AD400C413B6 /* PBXContainerItemProxy */;
		};
		A268DA10206D3AD400C413B6 /* PBXTargetDependency */ = {
			isa = PBXTargetDependency;
			target = A268D9EA206D3AD400C413B6 /* iTunesSearch */;
			targetProxy = A268DA0F206D3AD400C413B6 /* PBXContainerItemProxy */;
		};
/* End PBXTargetDependency section */

/* Begin PBXVariantGroup section */
		A268D9F4206D3AD400C413B6 /* Main.storyboard */ = {
			isa = PBXVariantGroup;
			children = (
				A268D9F5206D3AD400C413B6 /* Base */,
			);
			name = Main.storyboard;
			sourceTree = "<group>";
		};
		A268D9F9206D3AD400C413B6 /* LaunchScreen.storyboard */ = {
			isa = PBXVariantGroup;
			children = (
				A268D9FA206D3AD400C413B6 /* Base */,
			);
			name = LaunchScreen.storyboard;
			sourceTree = "<group>";
		};
/* End PBXVariantGroup section */

/* Begin XCBuildConfiguration section */
		A268DA15206D3AD400C413B6 /* Debug */ = {
			isa = XCBuildConfiguration;
			buildSettings = {
				ALWAYS_SEARCH_USER_PATHS = NO;
				CLANG_ANALYZER_NONNULL = YES;
				CLANG_ANALYZER_NUMBER_OBJECT_CONVERSION = YES_AGGRESSIVE;
				CLANG_CXX_LANGUAGE_STANDARD = "gnu++14";
				CLANG_CXX_LIBRARY = "libc++";
				CLANG_ENABLE_MODULES = YES;
				CLANG_ENABLE_OBJC_ARC = YES;
				CLANG_WARN_BLOCK_CAPTURE_AUTORELEASING = YES;
				CLANG_WARN_BOOL_CONVERSION = YES;
				CLANG_WARN_COMMA = YES;
				CLANG_WARN_CONSTANT_CONVERSION = YES;
				CLANG_WARN_DIRECT_OBJC_ISA_USAGE = YES_ERROR;
				CLANG_WARN_DOCUMENTATION_COMMENTS = YES;
				CLANG_WARN_EMPTY_BODY = YES;
				CLANG_WARN_ENUM_CONVERSION = YES;
				CLANG_WARN_INFINITE_RECURSION = YES;
				CLANG_WARN_INT_CONVERSION = YES;
				CLANG_WARN_NON_LITERAL_NULL_CONVERSION = YES;
				CLANG_WARN_OBJC_LITERAL_CONVERSION = YES;
				CLANG_WARN_OBJC_ROOT_CLASS = YES_ERROR;
				CLANG_WARN_RANGE_LOOP_ANALYSIS = YES;
				CLANG_WARN_STRICT_PROTOTYPES = YES;
				CLANG_WARN_SUSPICIOUS_MOVE = YES;
				CLANG_WARN_UNGUARDED_AVAILABILITY = YES_AGGRESSIVE;
				CLANG_WARN_UNREACHABLE_CODE = YES;
				CLANG_WARN__DUPLICATE_METHOD_MATCH = YES;
				CODE_SIGN_IDENTITY = "iPhone Developer";
				COPY_PHASE_STRIP = NO;
				DEBUG_INFORMATION_FORMAT = dwarf;
				ENABLE_STRICT_OBJC_MSGSEND = YES;
				ENABLE_TESTABILITY = YES;
				GCC_C_LANGUAGE_STANDARD = gnu11;
				GCC_DYNAMIC_NO_PIC = NO;
				GCC_NO_COMMON_BLOCKS = YES;
				GCC_OPTIMIZATION_LEVEL = 0;
				GCC_PREPROCESSOR_DEFINITIONS = (
					"DEBUG=1",
					"$(inherited)",
				);
				GCC_WARN_64_TO_32_BIT_CONVERSION = YES;
				GCC_WARN_ABOUT_RETURN_TYPE = YES_ERROR;
				GCC_WARN_UNDECLARED_SELECTOR = YES;
				GCC_WARN_UNINITIALIZED_AUTOS = YES_AGGRESSIVE;
				GCC_WARN_UNUSED_FUNCTION = YES;
				GCC_WARN_UNUSED_VARIABLE = YES;
				IPHONEOS_DEPLOYMENT_TARGET = 11.2;
				MTL_ENABLE_DEBUG_INFO = YES;
				ONLY_ACTIVE_ARCH = YES;
				SDKROOT = iphoneos;
			};
			name = Debug;
		};
		A268DA16206D3AD400C413B6 /* Release */ = {
			isa = XCBuildConfiguration;
			buildSettings = {
				ALWAYS_SEARCH_USER_PATHS = NO;
				CLANG_ANALYZER_NONNULL = YES;
				CLANG_ANALYZER_NUMBER_OBJECT_CONVERSION = YES_AGGRESSIVE;
				CLANG_CXX_LANGUAGE_STANDARD = "gnu++14";
				CLANG_CXX_LIBRARY = "libc++";
				CLANG_ENABLE_MODULES = YES;
				CLANG_ENABLE_OBJC_ARC = YES;
				CLANG_WARN_BLOCK_CAPTURE_AUTORELEASING = YES;
				CLANG_WARN_BOOL_CONVERSION = YES;
				CLANG_WARN_COMMA = YES;
				CLANG_WARN_CONSTANT_CONVERSION = YES;
				CLANG_WARN_DIRECT_OBJC_ISA_USAGE = YES_ERROR;
				CLANG_WARN_DOCUMENTATION_COMMENTS = YES;
				CLANG_WARN_EMPTY_BODY = YES;
				CLANG_WARN_ENUM_CONVERSION = YES;
				CLANG_WARN_INFINITE_RECURSION = YES;
				CLANG_WARN_INT_CONVERSION = YES;
				CLANG_WARN_NON_LITERAL_NULL_CONVERSION = YES;
				CLANG_WARN_OBJC_LITERAL_CONVERSION = YES;
				CLANG_WARN_OBJC_ROOT_CLASS = YES_ERROR;
				CLANG_WARN_RANGE_LOOP_ANALYSIS = YES;
				CLANG_WARN_STRICT_PROTOTYPES = YES;
				CLANG_WARN_SUSPICIOUS_MOVE = YES;
				CLANG_WARN_UNGUARDED_AVAILABILITY = YES_AGGRESSIVE;
				CLANG_WARN_UNREACHABLE_CODE = YES;
				CLANG_WARN__DUPLICATE_METHOD_MATCH = YES;
				CODE_SIGN_IDENTITY = "iPhone Developer";
				COPY_PHASE_STRIP = NO;
				DEBUG_INFORMATION_FORMAT = "dwarf-with-dsym";
				ENABLE_NS_ASSERTIONS = NO;
				ENABLE_STRICT_OBJC_MSGSEND = YES;
				GCC_C_LANGUAGE_STANDARD = gnu11;
				GCC_NO_COMMON_BLOCKS = YES;
				GCC_WARN_64_TO_32_BIT_CONVERSION = YES;
				GCC_WARN_ABOUT_RETURN_TYPE = YES_ERROR;
				GCC_WARN_UNDECLARED_SELECTOR = YES;
				GCC_WARN_UNINITIALIZED_AUTOS = YES_AGGRESSIVE;
				GCC_WARN_UNUSED_FUNCTION = YES;
				GCC_WARN_UNUSED_VARIABLE = YES;
				IPHONEOS_DEPLOYMENT_TARGET = 11.2;
				MTL_ENABLE_DEBUG_INFO = NO;
				SDKROOT = iphoneos;
				VALIDATE_PRODUCT = YES;
			};
			name = Release;
		};
		A268DA18206D3AD400C413B6 /* Debug */ = {
			isa = XCBuildConfiguration;
			buildSettings = {
				ASSETCATALOG_COMPILER_APPICON_NAME = AppIcon;
				CODE_SIGN_STYLE = Automatic;
				DEVELOPMENT_TEAM = 7WH73Q766U;
				INFOPLIST_FILE = iTunesSearch/Info.plist;
				LD_RUNPATH_SEARCH_PATHS = "$(inherited) @executable_path/Frameworks";
				PRODUCT_BUNDLE_IDENTIFIER = com.bignerdranch.iTunesSearch;
				PRODUCT_NAME = "$(TARGET_NAME)";
				TARGETED_DEVICE_FAMILY = "1,2";
			};
			name = Debug;
		};
		A268DA19206D3AD400C413B6 /* Release */ = {
			isa = XCBuildConfiguration;
			buildSettings = {
				ASSETCATALOG_COMPILER_APPICON_NAME = AppIcon;
				CODE_SIGN_STYLE = Automatic;
				DEVELOPMENT_TEAM = 7WH73Q766U;
				INFOPLIST_FILE = iTunesSearch/Info.plist;
				LD_RUNPATH_SEARCH_PATHS = "$(inherited) @executable_path/Frameworks";
				PRODUCT_BUNDLE_IDENTIFIER = com.bignerdranch.iTunesSearch;
				PRODUCT_NAME = "$(TARGET_NAME)";
				TARGETED_DEVICE_FAMILY = "1,2";
			};
			name = Release;
		};
		A268DA1B206D3AD400C413B6 /* Debug */ = {
			isa = XCBuildConfiguration;
			buildSettings = {
				BUNDLE_LOADER = "$(TEST_HOST)";
				CODE_SIGN_STYLE = Automatic;
				DEVELOPMENT_TEAM = 7WH73Q766U;
				INFOPLIST_FILE = iTunesSearchTests/Info.plist;
				LD_RUNPATH_SEARCH_PATHS = "$(inherited) @executable_path/Frameworks @loader_path/Frameworks";
				PRODUCT_BUNDLE_IDENTIFIER = com.bignerdranch.iTunesSearchTests;
				PRODUCT_NAME = "$(TARGET_NAME)";
				TARGETED_DEVICE_FAMILY = "1,2";
				TEST_HOST = "$(BUILT_PRODUCTS_DIR)/iTunesSearch.app/iTunesSearch";
			};
			name = Debug;
		};
		A268DA1C206D3AD400C413B6 /* Release */ = {
			isa = XCBuildConfiguration;
			buildSettings = {
				BUNDLE_LOADER = "$(TEST_HOST)";
				CODE_SIGN_STYLE = Automatic;
				DEVELOPMENT_TEAM = 7WH73Q766U;
				INFOPLIST_FILE = iTunesSearchTests/Info.plist;
				LD_RUNPATH_SEARCH_PATHS = "$(inherited) @executable_path/Frameworks @loader_path/Frameworks";
				PRODUCT_BUNDLE_IDENTIFIER = com.bignerdranch.iTunesSearchTests;
				PRODUCT_NAME = "$(TARGET_NAME)";
				TARGETED_DEVICE_FAMILY = "1,2";
				TEST_HOST = "$(BUILT_PRODUCTS_DIR)/iTunesSearch.app/iTunesSearch";
			};
			name = Release;
		};
		A268DA1E206D3AD400C413B6 /* Debug */ = {
			isa = XCBuildConfiguration;
			buildSettings = {
				CODE_SIGN_STYLE = Automatic;
				DEVELOPMENT_TEAM = 7WH73Q766U;
				INFOPLIST_FILE = iTunesSearchUITests/Info.plist;
				LD_RUNPATH_SEARCH_PATHS = "$(inherited) @executable_path/Frameworks @loader_path/Frameworks";
				PRODUCT_BUNDLE_IDENTIFIER = com.bignerdranch.iTunesSearchUITests;
				PRODUCT_NAME = "$(TARGET_NAME)";
				TARGETED_DEVICE_FAMILY = "1,2";
				TEST_TARGET_NAME = iTunesSearch;
			};
			name = Debug;
		};
		A268DA1F206D3AD400C413B6 /* Release */ = {
			isa = XCBuildConfiguration;
			buildSettings = {
				CODE_SIGN_STYLE = Automatic;
				DEVELOPMENT_TEAM = 7WH73Q766U;
				INFOPLIST_FILE = iTunesSearchUITests/Info.plist;
				LD_RUNPATH_SEARCH_PATHS = "$(inherited) @executable_path/Frameworks @loader_path/Frameworks";
				PRODUCT_BUNDLE_IDENTIFIER = com.bignerdranch.iTunesSearchUITests;
				PRODUCT_NAME = "$(TARGET_NAME)";
				TARGETED_DEVICE_FAMILY = "1,2";
				TEST_TARGET_NAME = iTunesSearch;
			};
			name = Release;
		};
/* End XCBuildConfiguration section */

/* Begin XCConfigurationList section */
		A268D9E6206D3AD400C413B6 /* Build configuration list for PBXProject "iTunesSearch" */ = {
			isa = XCConfigurationList;
			buildConfigurations = (
				A268DA15206D3AD400C413B6 /* Debug */,
				A268DA16206D3AD400C413B6 /* Release */,
			);
			defaultConfigurationIsVisible = 0;
			defaultConfigurationName = Release;
		};
		A268DA17206D3AD400C413B6 /* Build configuration list for PBXNativeTarget "iTunesSearch" */ = {
			isa = XCConfigurationList;
			buildConfigurations = (
				A268DA18206D3AD400C413B6 /* Debug */,
				A268DA19206D3AD400C413B6 /* Release */,
			);
			defaultConfigurationIsVisible = 0;
			defaultConfigurationName = Release;
		};
		A268DA1A206D3AD400C413B6 /* Build configuration list for PBXNativeTarget "iTunesSearchTests" */ = {
			isa = XCConfigurationList;
			buildConfigurations = (
				A268DA1B206D3AD400C413B6 /* Debug */,
				A268DA1C206D3AD400C413B6 /* Release */,
			);
			defaultConfigurationIsVisible = 0;
			defaultConfigurationName = Release;
		};
		A268DA1D206D3AD400C413B6 /* Build configuration list for PBXNativeTarget "iTunesSearchUITests" */ = {
			isa = XCConfigurationList;
			buildConfigurations = (
				A268DA1E206D3AD400C413B6 /* Debug */,
				A268DA1F206D3AD400C413B6 /* Release */,
			);
			defaultConfigurationIsVisible = 0;
			defaultConfigurationName = Release;
		};
/* End XCConfigurationList section */
	};
	rootObject = A268D9E3206D3AD400C413B6 /* Project object */;
}
